
Microsoft Visual Studio Solution File, Format Version 12.00
# Visual Studio 2010
Project("{2150E333-8FDC-42A3-9474-1A3956D46DE8}") = "Server", "Server", "{FC5AB692-CEB5-41E9-B417-29A6EA9E0A63}"
EndProject
Project("{2150E333-8FDC-42A3-9474-1A3956D46DE8}") = "Client", "Client", "{592446A2-CE7C-42BD-BA9C-A834A9F16FEF}"
EndProject
Project("{FAE04EC0-301F-11D3-BF4B-00C04F79EFBC}") = "entities", "Server\entities\entities.csproj", "{21FD2661-DDF3-45B7-9240-13EA4BF9EFAB}"
EndProject
Project("{2150E333-8FDC-42A3-9474-1A3956D46DE8}") = "Solution Items", "Solution Items", "{9E570699-D7F0-4B46-97A6-F3ACA64167DE}"
	ProjectSection(SolutionItems) = preProject
		agpl-3.0.txt = agpl-3.0.txt
		..\README = ..\README
		SharedAssemblyInfo.cs = SharedAssemblyInfo.cs
	EndProjectSection
EndProject
Project("{FAE04EC0-301F-11D3-BF4B-00C04F79EFBC}") = "repositories", "Server\repositories\repositories.csproj", "{7123A497-FB6E-4DB5-87DD-3979D59CBDEE}"
EndProject
Project("{FAE04EC0-301F-11D3-BF4B-00C04F79EFBC}") = "model", "Server\model\model.csproj", "{24C400A0-4D15-4E3B-B958-522142F78839}"
EndProject
Project("{FAE04EC0-301F-11D3-BF4B-00C04F79EFBC}") = "InitDatabase", "Tools\InitDatabase\InitDatabase.csproj", "{2D73DEE7-5BAD-4CA9-9CCA-639CBF0B84C7}"
EndProject
Project("{2150E333-8FDC-42A3-9474-1A3956D46DE8}") = "Tools", "Tools", "{0BE2B684-08B2-432F-9CDA-58CE0E37B557}"
EndProject
Project("{FAE04EC0-301F-11D3-BF4B-00C04F79EFBC}") = "configuration", "Server\configuration\configuration.csproj", "{BF39BF67-0015-43B4-B7C5-07A3D9B38BF5}"
EndProject
Project("{2150E333-8FDC-42A3-9474-1A3956D46DE8}") = "Common", "Common", "{6E8E587F-C225-4EEB-85EF-A9CC85BF3913}"
EndProject
Project("{FAE04EC0-301F-11D3-BF4B-00C04F79EFBC}") = "domain", "Common\domain\domain.csproj", "{E8D20399-5A2C-45AC-AD29-69425D9E3507}"
EndProject
Project("{FAE04EC0-301F-11D3-BF4B-00C04F79EFBC}") = "dtos", "Common\dtos\dtos.csproj", "{062B8A18-91A0-458E-9BF3-31B0A0AD4148}"
EndProject
Project("{FAE04EC0-301F-11D3-BF4B-00C04F79EFBC}") = "web", "Server\web\web.csproj", "{2D9C4FA8-08F6-4415-A051-105EB7C6BE55}"
EndProject
Project("{FAE04EC0-301F-11D3-BF4B-00C04F79EFBC}") = "common", "Server\common\common.csproj", "{0A58B331-FEBF-486A-8284-367B8DCD3D92}"
EndProject
Project("{2150E333-8FDC-42A3-9474-1A3956D46DE8}") = "EventHandler", "EventHandler", "{4C839218-E1A3-4757-82FB-DD172DEC3636}"
EndProject
Project("{FAE04EC0-301F-11D3-BF4B-00C04F79EFBC}") = "EventHandler", "Client\EventHandler\EventHandler\EventHandler.csproj", "{5E861BB1-B852-48AD-A4FC-13E6CA4CA1D3}"
EndProject
Project("{FAE04EC0-301F-11D3-BF4B-00C04F79EFBC}") = "common", "Client\Common\common.csproj", "{477FC303-4CDE-403A-9D9B-A62935DAED98}"
EndProject
Project("{2150E333-8FDC-42A3-9474-1A3956D46DE8}") = "Worker", "Worker", "{C95F4359-1342-470D-9C4E-7257957B3DEA}"
EndProject
Project("{FAE04EC0-301F-11D3-BF4B-00C04F79EFBC}") = "worker", "Client\Worker\worker\worker.csproj", "{A8C80252-70EA-4452-B49A-6ACC5357EE10}"
EndProject
Project("{2150E333-8FDC-42A3-9474-1A3956D46DE8}") = "Windows", "Windows", "{F24BB133-2B18-406C-B535-56869E46A5A9}"
EndProject
Project("{FAE04EC0-301F-11D3-BF4B-00C04F79EFBC}") = "windows", "Client\Windows\windows\windows.csproj", "{1F6516A8-8275-497C-AF08-910CFBC90194}"
EndProject
Project("{FAE04EC0-301F-11D3-BF4B-00C04F79EFBC}") = "logic", "Common\logic\logic.csproj", "{65E668FE-B2D3-4A78-B8CA-187279F46365}"
EndProject
Project("{2150E333-8FDC-42A3-9474-1A3956D46DE8}") = "Addins", "Addins", "{C1A77409-B628-41F5-B51C-B2EB3A1AF38F}"
EndProject
Project("{FAE04EC0-301F-11D3-BF4B-00C04F79EFBC}") = "triggers", "Addins\triggers\triggers.csproj", "{BF64100F-2BDA-4E53-9096-ECB8225099FE}"
EndProject
Project("{2150E333-8FDC-42A3-9474-1A3956D46DE8}") = "Implementations", "Implementations", "{5BC6ED95-0162-45A0-A8E2-F683F3D88F0E}"
EndProject
Project("{2150E333-8FDC-42A3-9474-1A3956D46DE8}") = "General", "General", "{0A9E416B-B6DF-4CEE-992F-B46CC506D604}"
EndProject
Project("{FAE04EC0-301F-11D3-BF4B-00C04F79EFBC}") = "GeneralTriggers", "Addins\Implementations\General\GeneralTriggers\GeneralTriggers.csproj", "{9E162029-5DC3-4E8D-9B1C-9266561FD16A}"
EndProject
Project("{FAE04EC0-301F-11D3-BF4B-00C04F79EFBC}") = "client", "Client\client\client.csproj", "{8E6DA788-5EE6-4140-A1AF-F794051E54C0}"
EndProject
Project("{FAE04EC0-301F-11D3-BF4B-00C04F79EFBC}") = "actions", "Addins\actions\actions.csproj", "{30845B5A-6050-4952-A524-7B913C2C0AEE}"
EndProject
Project("{FAE04EC0-301F-11D3-BF4B-00C04F79EFBC}") = "GeneralActions", "Addins\Implementations\General\GeneralActions\GeneralActions.csproj", "{E436CC1F-AF7A-4A76-B7CD-1ADFD490C5BF}"
EndProject
Project("{FAE04EC0-301F-11D3-BF4B-00C04F79EFBC}") = "serverActions", "Addins\serverActions\serverActions.csproj", "{1DB5C402-31DF-4AB3-95AA-6565C63A018E}"
EndProject
Project("{FAE04EC0-301F-11D3-BF4B-00C04F79EFBC}") = "GeneralServerActions", "Addins\Implementations\General\GeneralServerActions\GeneralServerActions.csproj", "{D53D30DD-89F0-475B-9382-C45DB4202A1E}"
EndProject
Project("{2150E333-8FDC-42A3-9474-1A3956D46DE8}") = "Irc", "Irc", "{68AC8E60-B053-4548-8986-A5AF857BCD20}"
EndProject
Project("{FAE04EC0-301F-11D3-BF4B-00C04F79EFBC}") = "IrcTrigger", "Addins\Implementations\Irc\IrcTrigger\IrcTrigger.csproj", "{CF74F8AC-0E87-44CF-9181-F402854DF389}"
EndProject
Project("{FAE04EC0-301F-11D3-BF4B-00C04F79EFBC}") = "IrcServer", "Addins\Implementations\Irc\IrcServer\IrcServer.csproj", "{38CD1595-60A1-4530-B3E6-53F3203D99A2}"
EndProject
Project("{2150E333-8FDC-42A3-9474-1A3956D46DE8}") = "Karma", "Karma", "{2D820398-658F-4FAB-835A-24A45F2A66F6}"
EndProject
Project("{FAE04EC0-301F-11D3-BF4B-00C04F79EFBC}") = "KarmaServer", "Addins\Implementations\Karma\KarmaServer\KarmaServer.csproj", "{2790C9C9-214C-437D-9C6A-7F1F7E5C0529}"
EndProject
Project("{FAE04EC0-301F-11D3-BF4B-00C04F79EFBC}") = "KarmaClient", "Addins\Implementations\Karma\KarmaClient\KarmaClient.csproj", "{AA76186E-00FD-413A-82C6-005F5545F8B4}"
EndProject
Project("{FAE04EC0-301F-11D3-BF4B-00C04F79EFBC}") = "server", "Server\server\server.csproj", "{10196C29-AE6D-446B-B1D2-68D49A43FDA2}"
EndProject
Global
	GlobalSection(SolutionConfigurationPlatforms) = preSolution
		Debug_All|Any CPU = Debug_All|Any CPU
		Debug_All|Mixed Platforms = Debug_All|Mixed Platforms
		Debug_All|x64 = Debug_All|x64
		Debug_All|x86 = Debug_All|x86
		Debug_Linux|Any CPU = Debug_Linux|Any CPU
		Debug_Linux|Mixed Platforms = Debug_Linux|Mixed Platforms
		Debug_Linux|x64 = Debug_Linux|x64
		Debug_Linux|x86 = Debug_Linux|x86
		Debug|Any CPU = Debug|Any CPU
		Debug|Mixed Platforms = Debug|Mixed Platforms
		Debug|x64 = Debug|x64
		Debug|x86 = Debug|x86
		Release_All|Any CPU = Release_All|Any CPU
		Release_All|Mixed Platforms = Release_All|Mixed Platforms
		Release_All|x64 = Release_All|x64
		Release_All|x86 = Release_All|x86
		Release|Any CPU = Release|Any CPU
		Release|Mixed Platforms = Release|Mixed Platforms
		Release|x64 = Release|x64
		Release|x86 = Release|x86
	EndGlobalSection
	GlobalSection(ProjectConfigurationPlatforms) = postSolution
		{21FD2661-DDF3-45B7-9240-13EA4BF9EFAB}.Debug_All|Any CPU.ActiveCfg = Debug|Any CPU
		{21FD2661-DDF3-45B7-9240-13EA4BF9EFAB}.Debug_All|Any CPU.Build.0 = Debug|Any CPU
		{21FD2661-DDF3-45B7-9240-13EA4BF9EFAB}.Debug_All|Mixed Platforms.ActiveCfg = Debug|Any CPU
		{21FD2661-DDF3-45B7-9240-13EA4BF9EFAB}.Debug_All|Mixed Platforms.Build.0 = Debug|Any CPU
		{21FD2661-DDF3-45B7-9240-13EA4BF9EFAB}.Debug_All|x64.ActiveCfg = Debug|Any CPU
		{21FD2661-DDF3-45B7-9240-13EA4BF9EFAB}.Debug_All|x86.ActiveCfg = Debug|Any CPU
		{21FD2661-DDF3-45B7-9240-13EA4BF9EFAB}.Debug_Linux|Any CPU.ActiveCfg = Debug|Any CPU
		{21FD2661-DDF3-45B7-9240-13EA4BF9EFAB}.Debug_Linux|Any CPU.Build.0 = Debug|Any CPU
		{21FD2661-DDF3-45B7-9240-13EA4BF9EFAB}.Debug_Linux|Mixed Platforms.ActiveCfg = Debug|Any CPU
		{21FD2661-DDF3-45B7-9240-13EA4BF9EFAB}.Debug_Linux|Mixed Platforms.Build.0 = Debug|Any CPU
		{21FD2661-DDF3-45B7-9240-13EA4BF9EFAB}.Debug_Linux|x64.ActiveCfg = Debug|Any CPU
		{21FD2661-DDF3-45B7-9240-13EA4BF9EFAB}.Debug_Linux|x86.ActiveCfg = Debug|Any CPU
		{21FD2661-DDF3-45B7-9240-13EA4BF9EFAB}.Debug|Any CPU.ActiveCfg = Debug|Any CPU
		{21FD2661-DDF3-45B7-9240-13EA4BF9EFAB}.Debug|Any CPU.Build.0 = Debug|Any CPU
		{21FD2661-DDF3-45B7-9240-13EA4BF9EFAB}.Debug|Mixed Platforms.ActiveCfg = Debug|Any CPU
		{21FD2661-DDF3-45B7-9240-13EA4BF9EFAB}.Debug|Mixed Platforms.Build.0 = Debug|Any CPU
		{21FD2661-DDF3-45B7-9240-13EA4BF9EFAB}.Debug|x64.ActiveCfg = Debug|Any CPU
		{21FD2661-DDF3-45B7-9240-13EA4BF9EFAB}.Debug|x86.ActiveCfg = Debug|Any CPU
		{21FD2661-DDF3-45B7-9240-13EA4BF9EFAB}.Release_All|Any CPU.ActiveCfg = Release|Any CPU
		{21FD2661-DDF3-45B7-9240-13EA4BF9EFAB}.Release_All|Any CPU.Build.0 = Release|Any CPU
		{21FD2661-DDF3-45B7-9240-13EA4BF9EFAB}.Release_All|Mixed Platforms.ActiveCfg = Release|Any CPU
		{21FD2661-DDF3-45B7-9240-13EA4BF9EFAB}.Release_All|Mixed Platforms.Build.0 = Release|Any CPU
		{21FD2661-DDF3-45B7-9240-13EA4BF9EFAB}.Release_All|x64.ActiveCfg = Release|Any CPU
		{21FD2661-DDF3-45B7-9240-13EA4BF9EFAB}.Release_All|x86.ActiveCfg = Release|Any CPU
		{21FD2661-DDF3-45B7-9240-13EA4BF9EFAB}.Release|Any CPU.ActiveCfg = Release|Any CPU
		{21FD2661-DDF3-45B7-9240-13EA4BF9EFAB}.Release|Any CPU.Build.0 = Release|Any CPU
		{21FD2661-DDF3-45B7-9240-13EA4BF9EFAB}.Release|Mixed Platforms.ActiveCfg = Release|Any CPU
		{21FD2661-DDF3-45B7-9240-13EA4BF9EFAB}.Release|Mixed Platforms.Build.0 = Release|Any CPU
		{21FD2661-DDF3-45B7-9240-13EA4BF9EFAB}.Release|x64.ActiveCfg = Release|Any CPU
		{21FD2661-DDF3-45B7-9240-13EA4BF9EFAB}.Release|x86.ActiveCfg = Release|Any CPU
		{7123A497-FB6E-4DB5-87DD-3979D59CBDEE}.Debug_All|Any CPU.ActiveCfg = Debug|Any CPU
		{7123A497-FB6E-4DB5-87DD-3979D59CBDEE}.Debug_All|Any CPU.Build.0 = Debug|Any CPU
		{7123A497-FB6E-4DB5-87DD-3979D59CBDEE}.Debug_All|Mixed Platforms.ActiveCfg = Debug|Any CPU
		{7123A497-FB6E-4DB5-87DD-3979D59CBDEE}.Debug_All|Mixed Platforms.Build.0 = Debug|Any CPU
		{7123A497-FB6E-4DB5-87DD-3979D59CBDEE}.Debug_All|x64.ActiveCfg = Debug|Any CPU
		{7123A497-FB6E-4DB5-87DD-3979D59CBDEE}.Debug_All|x86.ActiveCfg = Debug|Any CPU
		{7123A497-FB6E-4DB5-87DD-3979D59CBDEE}.Debug_Linux|Any CPU.ActiveCfg = Debug|Any CPU
		{7123A497-FB6E-4DB5-87DD-3979D59CBDEE}.Debug_Linux|Any CPU.Build.0 = Debug|Any CPU
		{7123A497-FB6E-4DB5-87DD-3979D59CBDEE}.Debug_Linux|Mixed Platforms.ActiveCfg = Debug|Any CPU
		{7123A497-FB6E-4DB5-87DD-3979D59CBDEE}.Debug_Linux|Mixed Platforms.Build.0 = Debug|Any CPU
		{7123A497-FB6E-4DB5-87DD-3979D59CBDEE}.Debug_Linux|x64.ActiveCfg = Debug|Any CPU
		{7123A497-FB6E-4DB5-87DD-3979D59CBDEE}.Debug_Linux|x86.ActiveCfg = Debug|Any CPU
		{7123A497-FB6E-4DB5-87DD-3979D59CBDEE}.Debug|Any CPU.ActiveCfg = Debug|Any CPU
		{7123A497-FB6E-4DB5-87DD-3979D59CBDEE}.Debug|Any CPU.Build.0 = Debug|Any CPU
		{7123A497-FB6E-4DB5-87DD-3979D59CBDEE}.Debug|Mixed Platforms.ActiveCfg = Debug|Any CPU
		{7123A497-FB6E-4DB5-87DD-3979D59CBDEE}.Debug|Mixed Platforms.Build.0 = Debug|Any CPU
		{7123A497-FB6E-4DB5-87DD-3979D59CBDEE}.Debug|x64.ActiveCfg = Debug|Any CPU
		{7123A497-FB6E-4DB5-87DD-3979D59CBDEE}.Debug|x86.ActiveCfg = Debug|Any CPU
		{7123A497-FB6E-4DB5-87DD-3979D59CBDEE}.Release_All|Any CPU.ActiveCfg = Release|Any CPU
		{7123A497-FB6E-4DB5-87DD-3979D59CBDEE}.Release_All|Any CPU.Build.0 = Release|Any CPU
		{7123A497-FB6E-4DB5-87DD-3979D59CBDEE}.Release_All|Mixed Platforms.ActiveCfg = Release|Any CPU
		{7123A497-FB6E-4DB5-87DD-3979D59CBDEE}.Release_All|Mixed Platforms.Build.0 = Release|Any CPU
		{7123A497-FB6E-4DB5-87DD-3979D59CBDEE}.Release_All|x64.ActiveCfg = Release|Any CPU
		{7123A497-FB6E-4DB5-87DD-3979D59CBDEE}.Release_All|x86.ActiveCfg = Release|Any CPU
		{7123A497-FB6E-4DB5-87DD-3979D59CBDEE}.Release|Any CPU.ActiveCfg = Release|Any CPU
		{7123A497-FB6E-4DB5-87DD-3979D59CBDEE}.Release|Any CPU.Build.0 = Release|Any CPU
		{7123A497-FB6E-4DB5-87DD-3979D59CBDEE}.Release|Mixed Platforms.ActiveCfg = Release|Any CPU
		{7123A497-FB6E-4DB5-87DD-3979D59CBDEE}.Release|Mixed Platforms.Build.0 = Release|Any CPU
		{7123A497-FB6E-4DB5-87DD-3979D59CBDEE}.Release|x64.ActiveCfg = Release|Any CPU
		{7123A497-FB6E-4DB5-87DD-3979D59CBDEE}.Release|x86.ActiveCfg = Release|Any CPU
		{24C400A0-4D15-4E3B-B958-522142F78839}.Debug_All|Any CPU.ActiveCfg = Debug|Any CPU
		{24C400A0-4D15-4E3B-B958-522142F78839}.Debug_All|Any CPU.Build.0 = Debug|Any CPU
		{24C400A0-4D15-4E3B-B958-522142F78839}.Debug_All|Mixed Platforms.ActiveCfg = Debug|Any CPU
		{24C400A0-4D15-4E3B-B958-522142F78839}.Debug_All|Mixed Platforms.Build.0 = Debug|Any CPU
		{24C400A0-4D15-4E3B-B958-522142F78839}.Debug_All|x64.ActiveCfg = Debug|Any CPU
		{24C400A0-4D15-4E3B-B958-522142F78839}.Debug_All|x86.ActiveCfg = Debug|Any CPU
		{24C400A0-4D15-4E3B-B958-522142F78839}.Debug_Linux|Any CPU.ActiveCfg = Debug|Any CPU
		{24C400A0-4D15-4E3B-B958-522142F78839}.Debug_Linux|Any CPU.Build.0 = Debug|Any CPU
		{24C400A0-4D15-4E3B-B958-522142F78839}.Debug_Linux|Mixed Platforms.ActiveCfg = Debug|Any CPU
		{24C400A0-4D15-4E3B-B958-522142F78839}.Debug_Linux|Mixed Platforms.Build.0 = Debug|Any CPU
		{24C400A0-4D15-4E3B-B958-522142F78839}.Debug_Linux|x64.ActiveCfg = Debug|Any CPU
		{24C400A0-4D15-4E3B-B958-522142F78839}.Debug_Linux|x86.ActiveCfg = Debug|Any CPU
		{24C400A0-4D15-4E3B-B958-522142F78839}.Debug|Any CPU.ActiveCfg = Debug|Any CPU
		{24C400A0-4D15-4E3B-B958-522142F78839}.Debug|Any CPU.Build.0 = Debug|Any CPU
		{24C400A0-4D15-4E3B-B958-522142F78839}.Debug|Mixed Platforms.ActiveCfg = Debug|Any CPU
		{24C400A0-4D15-4E3B-B958-522142F78839}.Debug|Mixed Platforms.Build.0 = Debug|Any CPU
		{24C400A0-4D15-4E3B-B958-522142F78839}.Debug|x64.ActiveCfg = Debug|Any CPU
		{24C400A0-4D15-4E3B-B958-522142F78839}.Debug|x86.ActiveCfg = Debug|Any CPU
		{24C400A0-4D15-4E3B-B958-522142F78839}.Release_All|Any CPU.ActiveCfg = Release|Any CPU
		{24C400A0-4D15-4E3B-B958-522142F78839}.Release_All|Any CPU.Build.0 = Release|Any CPU
		{24C400A0-4D15-4E3B-B958-522142F78839}.Release_All|Mixed Platforms.ActiveCfg = Release|Any CPU
		{24C400A0-4D15-4E3B-B958-522142F78839}.Release_All|Mixed Platforms.Build.0 = Release|Any CPU
		{24C400A0-4D15-4E3B-B958-522142F78839}.Release_All|x64.ActiveCfg = Release|Any CPU
		{24C400A0-4D15-4E3B-B958-522142F78839}.Release_All|x86.ActiveCfg = Release|Any CPU
		{24C400A0-4D15-4E3B-B958-522142F78839}.Release|Any CPU.ActiveCfg = Release|Any CPU
		{24C400A0-4D15-4E3B-B958-522142F78839}.Release|Any CPU.Build.0 = Release|Any CPU
		{24C400A0-4D15-4E3B-B958-522142F78839}.Release|Mixed Platforms.ActiveCfg = Release|Any CPU
		{24C400A0-4D15-4E3B-B958-522142F78839}.Release|Mixed Platforms.Build.0 = Release|Any CPU
		{24C400A0-4D15-4E3B-B958-522142F78839}.Release|x64.ActiveCfg = Release|Any CPU
		{24C400A0-4D15-4E3B-B958-522142F78839}.Release|x86.ActiveCfg = Release|Any CPU
		{2D73DEE7-5BAD-4CA9-9CCA-639CBF0B84C7}.Debug_All|Any CPU.ActiveCfg = Debug|Any CPU
		{2D73DEE7-5BAD-4CA9-9CCA-639CBF0B84C7}.Debug_All|Any CPU.Build.0 = Debug|Any CPU
		{2D73DEE7-5BAD-4CA9-9CCA-639CBF0B84C7}.Debug_All|Mixed Platforms.ActiveCfg = Debug|Any CPU
		{2D73DEE7-5BAD-4CA9-9CCA-639CBF0B84C7}.Debug_All|Mixed Platforms.Build.0 = Debug|Any CPU
		{2D73DEE7-5BAD-4CA9-9CCA-639CBF0B84C7}.Debug_All|x64.ActiveCfg = Debug|Any CPU
		{2D73DEE7-5BAD-4CA9-9CCA-639CBF0B84C7}.Debug_All|x86.ActiveCfg = Debug|Any CPU
		{2D73DEE7-5BAD-4CA9-9CCA-639CBF0B84C7}.Debug_Linux|Any CPU.ActiveCfg = Debug|Any CPU
		{2D73DEE7-5BAD-4CA9-9CCA-639CBF0B84C7}.Debug_Linux|Any CPU.Build.0 = Debug|Any CPU
		{2D73DEE7-5BAD-4CA9-9CCA-639CBF0B84C7}.Debug_Linux|Mixed Platforms.ActiveCfg = Debug|Any CPU
		{2D73DEE7-5BAD-4CA9-9CCA-639CBF0B84C7}.Debug_Linux|Mixed Platforms.Build.0 = Debug|Any CPU
		{2D73DEE7-5BAD-4CA9-9CCA-639CBF0B84C7}.Debug_Linux|x64.ActiveCfg = Debug|Any CPU
		{2D73DEE7-5BAD-4CA9-9CCA-639CBF0B84C7}.Debug_Linux|x86.ActiveCfg = Debug|Any CPU
		{2D73DEE7-5BAD-4CA9-9CCA-639CBF0B84C7}.Debug|Any CPU.ActiveCfg = Debug|Any CPU
		{2D73DEE7-5BAD-4CA9-9CCA-639CBF0B84C7}.Debug|Any CPU.Build.0 = Debug|Any CPU
		{2D73DEE7-5BAD-4CA9-9CCA-639CBF0B84C7}.Debug|Mixed Platforms.ActiveCfg = Debug|Any CPU
		{2D73DEE7-5BAD-4CA9-9CCA-639CBF0B84C7}.Debug|Mixed Platforms.Build.0 = Debug|Any CPU
		{2D73DEE7-5BAD-4CA9-9CCA-639CBF0B84C7}.Debug|x64.ActiveCfg = Debug|Any CPU
		{2D73DEE7-5BAD-4CA9-9CCA-639CBF0B84C7}.Debug|x86.ActiveCfg = Debug|Any CPU
		{2D73DEE7-5BAD-4CA9-9CCA-639CBF0B84C7}.Release_All|Any CPU.ActiveCfg = Release|Any CPU
		{2D73DEE7-5BAD-4CA9-9CCA-639CBF0B84C7}.Release_All|Any CPU.Build.0 = Release|Any CPU
		{2D73DEE7-5BAD-4CA9-9CCA-639CBF0B84C7}.Release_All|Mixed Platforms.ActiveCfg = Release|Any CPU
		{2D73DEE7-5BAD-4CA9-9CCA-639CBF0B84C7}.Release_All|Mixed Platforms.Build.0 = Release|Any CPU
		{2D73DEE7-5BAD-4CA9-9CCA-639CBF0B84C7}.Release_All|x64.ActiveCfg = Release|Any CPU
		{2D73DEE7-5BAD-4CA9-9CCA-639CBF0B84C7}.Release_All|x86.ActiveCfg = Release|Any CPU
		{2D73DEE7-5BAD-4CA9-9CCA-639CBF0B84C7}.Release|Any CPU.ActiveCfg = Release|Any CPU
		{2D73DEE7-5BAD-4CA9-9CCA-639CBF0B84C7}.Release|Any CPU.Build.0 = Release|Any CPU
		{2D73DEE7-5BAD-4CA9-9CCA-639CBF0B84C7}.Release|Mixed Platforms.ActiveCfg = Release|Any CPU
		{2D73DEE7-5BAD-4CA9-9CCA-639CBF0B84C7}.Release|Mixed Platforms.Build.0 = Release|Any CPU
		{2D73DEE7-5BAD-4CA9-9CCA-639CBF0B84C7}.Release|x64.ActiveCfg = Release|Any CPU
		{2D73DEE7-5BAD-4CA9-9CCA-639CBF0B84C7}.Release|x86.ActiveCfg = Release|Any CPU
		{BF39BF67-0015-43B4-B7C5-07A3D9B38BF5}.Debug_All|Any CPU.ActiveCfg = Debug|Any CPU
		{BF39BF67-0015-43B4-B7C5-07A3D9B38BF5}.Debug_All|Any CPU.Build.0 = Debug|Any CPU
		{BF39BF67-0015-43B4-B7C5-07A3D9B38BF5}.Debug_All|Mixed Platforms.ActiveCfg = Debug|Any CPU
		{BF39BF67-0015-43B4-B7C5-07A3D9B38BF5}.Debug_All|Mixed Platforms.Build.0 = Debug|Any CPU
		{BF39BF67-0015-43B4-B7C5-07A3D9B38BF5}.Debug_All|x64.ActiveCfg = Debug|Any CPU
		{BF39BF67-0015-43B4-B7C5-07A3D9B38BF5}.Debug_All|x86.ActiveCfg = Debug|Any CPU
		{BF39BF67-0015-43B4-B7C5-07A3D9B38BF5}.Debug_Linux|Any CPU.ActiveCfg = Debug|Any CPU
		{BF39BF67-0015-43B4-B7C5-07A3D9B38BF5}.Debug_Linux|Any CPU.Build.0 = Debug|Any CPU
		{BF39BF67-0015-43B4-B7C5-07A3D9B38BF5}.Debug_Linux|Mixed Platforms.ActiveCfg = Debug|Any CPU
		{BF39BF67-0015-43B4-B7C5-07A3D9B38BF5}.Debug_Linux|Mixed Platforms.Build.0 = Debug|Any CPU
		{BF39BF67-0015-43B4-B7C5-07A3D9B38BF5}.Debug_Linux|x64.ActiveCfg = Debug|Any CPU
		{BF39BF67-0015-43B4-B7C5-07A3D9B38BF5}.Debug_Linux|x86.ActiveCfg = Debug|Any CPU
		{BF39BF67-0015-43B4-B7C5-07A3D9B38BF5}.Debug|Any CPU.ActiveCfg = Debug|Any CPU
		{BF39BF67-0015-43B4-B7C5-07A3D9B38BF5}.Debug|Any CPU.Build.0 = Debug|Any CPU
		{BF39BF67-0015-43B4-B7C5-07A3D9B38BF5}.Debug|Mixed Platforms.ActiveCfg = Debug|Any CPU
		{BF39BF67-0015-43B4-B7C5-07A3D9B38BF5}.Debug|Mixed Platforms.Build.0 = Debug|Any CPU
		{BF39BF67-0015-43B4-B7C5-07A3D9B38BF5}.Debug|x64.ActiveCfg = Debug|Any CPU
		{BF39BF67-0015-43B4-B7C5-07A3D9B38BF5}.Debug|x86.ActiveCfg = Debug|Any CPU
		{BF39BF67-0015-43B4-B7C5-07A3D9B38BF5}.Release_All|Any CPU.ActiveCfg = Release|Any CPU
		{BF39BF67-0015-43B4-B7C5-07A3D9B38BF5}.Release_All|Any CPU.Build.0 = Release|Any CPU
		{BF39BF67-0015-43B4-B7C5-07A3D9B38BF5}.Release_All|Mixed Platforms.ActiveCfg = Release|Any CPU
		{BF39BF67-0015-43B4-B7C5-07A3D9B38BF5}.Release_All|Mixed Platforms.Build.0 = Release|Any CPU
		{BF39BF67-0015-43B4-B7C5-07A3D9B38BF5}.Release_All|x64.ActiveCfg = Release|Any CPU
		{BF39BF67-0015-43B4-B7C5-07A3D9B38BF5}.Release_All|x86.ActiveCfg = Release|Any CPU
		{BF39BF67-0015-43B4-B7C5-07A3D9B38BF5}.Release|Any CPU.ActiveCfg = Release|Any CPU
		{BF39BF67-0015-43B4-B7C5-07A3D9B38BF5}.Release|Any CPU.Build.0 = Release|Any CPU
		{BF39BF67-0015-43B4-B7C5-07A3D9B38BF5}.Release|Mixed Platforms.ActiveCfg = Release|Any CPU
		{BF39BF67-0015-43B4-B7C5-07A3D9B38BF5}.Release|Mixed Platforms.Build.0 = Release|Any CPU
		{BF39BF67-0015-43B4-B7C5-07A3D9B38BF5}.Release|x64.ActiveCfg = Release|Any CPU
		{BF39BF67-0015-43B4-B7C5-07A3D9B38BF5}.Release|x86.ActiveCfg = Release|Any CPU
		{E8D20399-5A2C-45AC-AD29-69425D9E3507}.Debug_All|Any CPU.ActiveCfg = Debug|Any CPU
		{E8D20399-5A2C-45AC-AD29-69425D9E3507}.Debug_All|Any CPU.Build.0 = Debug|Any CPU
		{E8D20399-5A2C-45AC-AD29-69425D9E3507}.Debug_All|Mixed Platforms.ActiveCfg = Debug|Any CPU
		{E8D20399-5A2C-45AC-AD29-69425D9E3507}.Debug_All|Mixed Platforms.Build.0 = Debug|Any CPU
		{E8D20399-5A2C-45AC-AD29-69425D9E3507}.Debug_All|x64.ActiveCfg = Debug|Any CPU
		{E8D20399-5A2C-45AC-AD29-69425D9E3507}.Debug_All|x86.ActiveCfg = Debug|Any CPU
		{E8D20399-5A2C-45AC-AD29-69425D9E3507}.Debug_Linux|Any CPU.ActiveCfg = Debug|Any CPU
		{E8D20399-5A2C-45AC-AD29-69425D9E3507}.Debug_Linux|Any CPU.Build.0 = Debug|Any CPU
		{E8D20399-5A2C-45AC-AD29-69425D9E3507}.Debug_Linux|Mixed Platforms.ActiveCfg = Debug|Any CPU
		{E8D20399-5A2C-45AC-AD29-69425D9E3507}.Debug_Linux|Mixed Platforms.Build.0 = Debug|Any CPU
		{E8D20399-5A2C-45AC-AD29-69425D9E3507}.Debug_Linux|x64.ActiveCfg = Debug|Any CPU
		{E8D20399-5A2C-45AC-AD29-69425D9E3507}.Debug_Linux|x86.ActiveCfg = Debug|Any CPU
		{E8D20399-5A2C-45AC-AD29-69425D9E3507}.Debug|Any CPU.ActiveCfg = Debug|Any CPU
		{E8D20399-5A2C-45AC-AD29-69425D9E3507}.Debug|Any CPU.Build.0 = Debug|Any CPU
		{E8D20399-5A2C-45AC-AD29-69425D9E3507}.Debug|Mixed Platforms.ActiveCfg = Debug|Any CPU
		{E8D20399-5A2C-45AC-AD29-69425D9E3507}.Debug|Mixed Platforms.Build.0 = Debug|Any CPU
		{E8D20399-5A2C-45AC-AD29-69425D9E3507}.Debug|x64.ActiveCfg = Debug|Any CPU
		{E8D20399-5A2C-45AC-AD29-69425D9E3507}.Debug|x86.ActiveCfg = Debug|Any CPU
		{E8D20399-5A2C-45AC-AD29-69425D9E3507}.Release_All|Any CPU.ActiveCfg = Release|Any CPU
		{E8D20399-5A2C-45AC-AD29-69425D9E3507}.Release_All|Any CPU.Build.0 = Release|Any CPU
		{E8D20399-5A2C-45AC-AD29-69425D9E3507}.Release_All|Mixed Platforms.ActiveCfg = Release|Any CPU
		{E8D20399-5A2C-45AC-AD29-69425D9E3507}.Release_All|Mixed Platforms.Build.0 = Release|Any CPU
		{E8D20399-5A2C-45AC-AD29-69425D9E3507}.Release_All|x64.ActiveCfg = Release|Any CPU
		{E8D20399-5A2C-45AC-AD29-69425D9E3507}.Release_All|x86.ActiveCfg = Release|Any CPU
		{E8D20399-5A2C-45AC-AD29-69425D9E3507}.Release|Any CPU.ActiveCfg = Release|Any CPU
		{E8D20399-5A2C-45AC-AD29-69425D9E3507}.Release|Any CPU.Build.0 = Release|Any CPU
		{E8D20399-5A2C-45AC-AD29-69425D9E3507}.Release|Mixed Platforms.ActiveCfg = Release|Any CPU
		{E8D20399-5A2C-45AC-AD29-69425D9E3507}.Release|Mixed Platforms.Build.0 = Release|Any CPU
		{E8D20399-5A2C-45AC-AD29-69425D9E3507}.Release|x64.ActiveCfg = Release|Any CPU
		{E8D20399-5A2C-45AC-AD29-69425D9E3507}.Release|x86.ActiveCfg = Release|Any CPU
		{062B8A18-91A0-458E-9BF3-31B0A0AD4148}.Debug_All|Any CPU.ActiveCfg = Debug|Any CPU
		{062B8A18-91A0-458E-9BF3-31B0A0AD4148}.Debug_All|Any CPU.Build.0 = Debug|Any CPU
		{062B8A18-91A0-458E-9BF3-31B0A0AD4148}.Debug_All|Mixed Platforms.ActiveCfg = Debug|Any CPU
		{062B8A18-91A0-458E-9BF3-31B0A0AD4148}.Debug_All|Mixed Platforms.Build.0 = Debug|Any CPU
		{062B8A18-91A0-458E-9BF3-31B0A0AD4148}.Debug_All|x64.ActiveCfg = Debug|Any CPU
		{062B8A18-91A0-458E-9BF3-31B0A0AD4148}.Debug_All|x86.ActiveCfg = Debug|Any CPU
		{062B8A18-91A0-458E-9BF3-31B0A0AD4148}.Debug_Linux|Any CPU.ActiveCfg = Debug|Any CPU
		{062B8A18-91A0-458E-9BF3-31B0A0AD4148}.Debug_Linux|Any CPU.Build.0 = Debug|Any CPU
		{062B8A18-91A0-458E-9BF3-31B0A0AD4148}.Debug_Linux|Mixed Platforms.ActiveCfg = Debug|Any CPU
		{062B8A18-91A0-458E-9BF3-31B0A0AD4148}.Debug_Linux|Mixed Platforms.Build.0 = Debug|Any CPU
		{062B8A18-91A0-458E-9BF3-31B0A0AD4148}.Debug_Linux|x64.ActiveCfg = Debug|Any CPU
		{062B8A18-91A0-458E-9BF3-31B0A0AD4148}.Debug_Linux|x86.ActiveCfg = Debug|Any CPU
		{062B8A18-91A0-458E-9BF3-31B0A0AD4148}.Debug|Any CPU.ActiveCfg = Debug|Any CPU
		{062B8A18-91A0-458E-9BF3-31B0A0AD4148}.Debug|Any CPU.Build.0 = Debug|Any CPU
		{062B8A18-91A0-458E-9BF3-31B0A0AD4148}.Debug|Mixed Platforms.ActiveCfg = Debug|Any CPU
		{062B8A18-91A0-458E-9BF3-31B0A0AD4148}.Debug|Mixed Platforms.Build.0 = Debug|Any CPU
		{062B8A18-91A0-458E-9BF3-31B0A0AD4148}.Debug|x64.ActiveCfg = Debug|Any CPU
		{062B8A18-91A0-458E-9BF3-31B0A0AD4148}.Debug|x86.ActiveCfg = Debug|Any CPU
		{062B8A18-91A0-458E-9BF3-31B0A0AD4148}.Release_All|Any CPU.ActiveCfg = Release|Any CPU
		{062B8A18-91A0-458E-9BF3-31B0A0AD4148}.Release_All|Any CPU.Build.0 = Release|Any CPU
		{062B8A18-91A0-458E-9BF3-31B0A0AD4148}.Release_All|Mixed Platforms.ActiveCfg = Release|Any CPU
		{062B8A18-91A0-458E-9BF3-31B0A0AD4148}.Release_All|Mixed Platforms.Build.0 = Release|Any CPU
		{062B8A18-91A0-458E-9BF3-31B0A0AD4148}.Release_All|x64.ActiveCfg = Release|Any CPU
		{062B8A18-91A0-458E-9BF3-31B0A0AD4148}.Release_All|x86.ActiveCfg = Release|Any CPU
		{062B8A18-91A0-458E-9BF3-31B0A0AD4148}.Release|Any CPU.ActiveCfg = Release|Any CPU
		{062B8A18-91A0-458E-9BF3-31B0A0AD4148}.Release|Any CPU.Build.0 = Release|Any CPU
		{062B8A18-91A0-458E-9BF3-31B0A0AD4148}.Release|Mixed Platforms.ActiveCfg = Release|Any CPU
		{062B8A18-91A0-458E-9BF3-31B0A0AD4148}.Release|Mixed Platforms.Build.0 = Release|Any CPU
		{062B8A18-91A0-458E-9BF3-31B0A0AD4148}.Release|x64.ActiveCfg = Release|Any CPU
		{062B8A18-91A0-458E-9BF3-31B0A0AD4148}.Release|x86.ActiveCfg = Release|Any CPU
		{2D9C4FA8-08F6-4415-A051-105EB7C6BE55}.Debug_All|Any CPU.ActiveCfg = Debug|Any CPU
		{2D9C4FA8-08F6-4415-A051-105EB7C6BE55}.Debug_All|Any CPU.Build.0 = Debug|Any CPU
		{2D9C4FA8-08F6-4415-A051-105EB7C6BE55}.Debug_All|Mixed Platforms.ActiveCfg = Debug|Any CPU
		{2D9C4FA8-08F6-4415-A051-105EB7C6BE55}.Debug_All|Mixed Platforms.Build.0 = Debug|Any CPU
		{2D9C4FA8-08F6-4415-A051-105EB7C6BE55}.Debug_All|x64.ActiveCfg = Debug|Any CPU
		{2D9C4FA8-08F6-4415-A051-105EB7C6BE55}.Debug_All|x86.ActiveCfg = Debug|Any CPU
		{2D9C4FA8-08F6-4415-A051-105EB7C6BE55}.Debug_Linux|Any CPU.ActiveCfg = Debug|Any CPU
		{2D9C4FA8-08F6-4415-A051-105EB7C6BE55}.Debug_Linux|Any CPU.Build.0 = Debug|Any CPU
		{2D9C4FA8-08F6-4415-A051-105EB7C6BE55}.Debug_Linux|Mixed Platforms.ActiveCfg = Debug|Any CPU
		{2D9C4FA8-08F6-4415-A051-105EB7C6BE55}.Debug_Linux|Mixed Platforms.Build.0 = Debug|Any CPU
		{2D9C4FA8-08F6-4415-A051-105EB7C6BE55}.Debug_Linux|x64.ActiveCfg = Debug|Any CPU
		{2D9C4FA8-08F6-4415-A051-105EB7C6BE55}.Debug_Linux|x86.ActiveCfg = Debug|Any CPU
		{2D9C4FA8-08F6-4415-A051-105EB7C6BE55}.Debug|Any CPU.ActiveCfg = Debug|Any CPU
		{2D9C4FA8-08F6-4415-A051-105EB7C6BE55}.Debug|Any CPU.Build.0 = Debug|Any CPU
		{2D9C4FA8-08F6-4415-A051-105EB7C6BE55}.Debug|Mixed Platforms.ActiveCfg = Debug|Any CPU
		{2D9C4FA8-08F6-4415-A051-105EB7C6BE55}.Debug|Mixed Platforms.Build.0 = Debug|Any CPU
		{2D9C4FA8-08F6-4415-A051-105EB7C6BE55}.Debug|x64.ActiveCfg = Debug|Any CPU
		{2D9C4FA8-08F6-4415-A051-105EB7C6BE55}.Debug|x86.ActiveCfg = Debug|Any CPU
		{2D9C4FA8-08F6-4415-A051-105EB7C6BE55}.Release_All|Any CPU.ActiveCfg = Release|Any CPU
		{2D9C4FA8-08F6-4415-A051-105EB7C6BE55}.Release_All|Any CPU.Build.0 = Release|Any CPU
		{2D9C4FA8-08F6-4415-A051-105EB7C6BE55}.Release_All|Mixed Platforms.ActiveCfg = Release|Any CPU
		{2D9C4FA8-08F6-4415-A051-105EB7C6BE55}.Release_All|Mixed Platforms.Build.0 = Release|Any CPU
		{2D9C4FA8-08F6-4415-A051-105EB7C6BE55}.Release_All|x64.ActiveCfg = Release|Any CPU
		{2D9C4FA8-08F6-4415-A051-105EB7C6BE55}.Release_All|x86.ActiveCfg = Release|Any CPU
		{2D9C4FA8-08F6-4415-A051-105EB7C6BE55}.Release|Any CPU.ActiveCfg = Release|Any CPU
		{2D9C4FA8-08F6-4415-A051-105EB7C6BE55}.Release|Any CPU.Build.0 = Release|Any CPU
		{2D9C4FA8-08F6-4415-A051-105EB7C6BE55}.Release|Mixed Platforms.ActiveCfg = Release|Any CPU
		{2D9C4FA8-08F6-4415-A051-105EB7C6BE55}.Release|Mixed Platforms.Build.0 = Release|Any CPU
		{2D9C4FA8-08F6-4415-A051-105EB7C6BE55}.Release|x64.ActiveCfg = Release|Any CPU
		{2D9C4FA8-08F6-4415-A051-105EB7C6BE55}.Release|x86.ActiveCfg = Release|Any CPU
		{0A58B331-FEBF-486A-8284-367B8DCD3D92}.Debug_All|Any CPU.ActiveCfg = Debug|Any CPU
		{0A58B331-FEBF-486A-8284-367B8DCD3D92}.Debug_All|Any CPU.Build.0 = Debug|Any CPU
		{0A58B331-FEBF-486A-8284-367B8DCD3D92}.Debug_All|Mixed Platforms.ActiveCfg = Debug|Any CPU
		{0A58B331-FEBF-486A-8284-367B8DCD3D92}.Debug_All|Mixed Platforms.Build.0 = Debug|Any CPU
		{0A58B331-FEBF-486A-8284-367B8DCD3D92}.Debug_All|x64.ActiveCfg = Debug|Any CPU
		{0A58B331-FEBF-486A-8284-367B8DCD3D92}.Debug_All|x86.ActiveCfg = Debug|Any CPU
		{0A58B331-FEBF-486A-8284-367B8DCD3D92}.Debug_Linux|Any CPU.ActiveCfg = Debug|Any CPU
		{0A58B331-FEBF-486A-8284-367B8DCD3D92}.Debug_Linux|Any CPU.Build.0 = Debug|Any CPU
		{0A58B331-FEBF-486A-8284-367B8DCD3D92}.Debug_Linux|Mixed Platforms.ActiveCfg = Debug|Any CPU
		{0A58B331-FEBF-486A-8284-367B8DCD3D92}.Debug_Linux|Mixed Platforms.Build.0 = Debug|Any CPU
		{0A58B331-FEBF-486A-8284-367B8DCD3D92}.Debug_Linux|x64.ActiveCfg = Debug|Any CPU
		{0A58B331-FEBF-486A-8284-367B8DCD3D92}.Debug_Linux|x86.ActiveCfg = Debug|Any CPU
		{0A58B331-FEBF-486A-8284-367B8DCD3D92}.Debug|Any CPU.ActiveCfg = Debug|Any CPU
		{0A58B331-FEBF-486A-8284-367B8DCD3D92}.Debug|Any CPU.Build.0 = Debug|Any CPU
		{0A58B331-FEBF-486A-8284-367B8DCD3D92}.Debug|Mixed Platforms.ActiveCfg = Debug|Any CPU
		{0A58B331-FEBF-486A-8284-367B8DCD3D92}.Debug|Mixed Platforms.Build.0 = Debug|Any CPU
		{0A58B331-FEBF-486A-8284-367B8DCD3D92}.Debug|x64.ActiveCfg = Debug|Any CPU
		{0A58B331-FEBF-486A-8284-367B8DCD3D92}.Debug|x86.ActiveCfg = Debug|Any CPU
		{0A58B331-FEBF-486A-8284-367B8DCD3D92}.Release_All|Any CPU.ActiveCfg = Release|Any CPU
		{0A58B331-FEBF-486A-8284-367B8DCD3D92}.Release_All|Any CPU.Build.0 = Release|Any CPU
		{0A58B331-FEBF-486A-8284-367B8DCD3D92}.Release_All|Mixed Platforms.ActiveCfg = Release|Any CPU
		{0A58B331-FEBF-486A-8284-367B8DCD3D92}.Release_All|Mixed Platforms.Build.0 = Release|Any CPU
		{0A58B331-FEBF-486A-8284-367B8DCD3D92}.Release_All|x64.ActiveCfg = Release|Any CPU
		{0A58B331-FEBF-486A-8284-367B8DCD3D92}.Release_All|x86.ActiveCfg = Release|Any CPU
		{0A58B331-FEBF-486A-8284-367B8DCD3D92}.Release|Any CPU.ActiveCfg = Release|Any CPU
		{0A58B331-FEBF-486A-8284-367B8DCD3D92}.Release|Any CPU.Build.0 = Release|Any CPU
		{0A58B331-FEBF-486A-8284-367B8DCD3D92}.Release|Mixed Platforms.ActiveCfg = Release|Any CPU
		{0A58B331-FEBF-486A-8284-367B8DCD3D92}.Release|Mixed Platforms.Build.0 = Release|Any CPU
		{0A58B331-FEBF-486A-8284-367B8DCD3D92}.Release|x64.ActiveCfg = Release|Any CPU
		{0A58B331-FEBF-486A-8284-367B8DCD3D92}.Release|x86.ActiveCfg = Release|Any CPU
		{5E861BB1-B852-48AD-A4FC-13E6CA4CA1D3}.Debug_All|Any CPU.ActiveCfg = Debug|Any CPU
		{5E861BB1-B852-48AD-A4FC-13E6CA4CA1D3}.Debug_All|Any CPU.Build.0 = Debug|Any CPU
		{5E861BB1-B852-48AD-A4FC-13E6CA4CA1D3}.Debug_All|Mixed Platforms.ActiveCfg = Debug|Any CPU
		{5E861BB1-B852-48AD-A4FC-13E6CA4CA1D3}.Debug_All|Mixed Platforms.Build.0 = Debug|Any CPU
		{5E861BB1-B852-48AD-A4FC-13E6CA4CA1D3}.Debug_All|x64.ActiveCfg = Debug|Any CPU
		{5E861BB1-B852-48AD-A4FC-13E6CA4CA1D3}.Debug_All|x86.ActiveCfg = Debug|Any CPU
		{5E861BB1-B852-48AD-A4FC-13E6CA4CA1D3}.Debug_Linux|Any CPU.ActiveCfg = Debug|Any CPU
		{5E861BB1-B852-48AD-A4FC-13E6CA4CA1D3}.Debug_Linux|Any CPU.Build.0 = Debug|Any CPU
		{5E861BB1-B852-48AD-A4FC-13E6CA4CA1D3}.Debug_Linux|Mixed Platforms.ActiveCfg = Debug|Any CPU
		{5E861BB1-B852-48AD-A4FC-13E6CA4CA1D3}.Debug_Linux|Mixed Platforms.Build.0 = Debug|Any CPU
		{5E861BB1-B852-48AD-A4FC-13E6CA4CA1D3}.Debug_Linux|x64.ActiveCfg = Debug|Any CPU
		{5E861BB1-B852-48AD-A4FC-13E6CA4CA1D3}.Debug_Linux|x86.ActiveCfg = Debug|Any CPU
		{5E861BB1-B852-48AD-A4FC-13E6CA4CA1D3}.Debug|Any CPU.ActiveCfg = Debug|Any CPU
		{5E861BB1-B852-48AD-A4FC-13E6CA4CA1D3}.Debug|Any CPU.Build.0 = Debug|Any CPU
		{5E861BB1-B852-48AD-A4FC-13E6CA4CA1D3}.Debug|Mixed Platforms.ActiveCfg = Debug|Any CPU
		{5E861BB1-B852-48AD-A4FC-13E6CA4CA1D3}.Debug|Mixed Platforms.Build.0 = Debug|Any CPU
		{5E861BB1-B852-48AD-A4FC-13E6CA4CA1D3}.Debug|x64.ActiveCfg = Debug|Any CPU
		{5E861BB1-B852-48AD-A4FC-13E6CA4CA1D3}.Debug|x86.ActiveCfg = Debug|Any CPU
		{5E861BB1-B852-48AD-A4FC-13E6CA4CA1D3}.Release_All|Any CPU.ActiveCfg = Release|Any CPU
		{5E861BB1-B852-48AD-A4FC-13E6CA4CA1D3}.Release_All|Any CPU.Build.0 = Release|Any CPU
		{5E861BB1-B852-48AD-A4FC-13E6CA4CA1D3}.Release_All|Mixed Platforms.ActiveCfg = Release|Any CPU
		{5E861BB1-B852-48AD-A4FC-13E6CA4CA1D3}.Release_All|Mixed Platforms.Build.0 = Release|Any CPU
		{5E861BB1-B852-48AD-A4FC-13E6CA4CA1D3}.Release_All|x64.ActiveCfg = Release|Any CPU
		{5E861BB1-B852-48AD-A4FC-13E6CA4CA1D3}.Release_All|x86.ActiveCfg = Release|Any CPU
		{5E861BB1-B852-48AD-A4FC-13E6CA4CA1D3}.Release|Any CPU.ActiveCfg = Release|Any CPU
		{5E861BB1-B852-48AD-A4FC-13E6CA4CA1D3}.Release|Any CPU.Build.0 = Release|Any CPU
		{5E861BB1-B852-48AD-A4FC-13E6CA4CA1D3}.Release|Mixed Platforms.ActiveCfg = Release|Any CPU
		{5E861BB1-B852-48AD-A4FC-13E6CA4CA1D3}.Release|Mixed Platforms.Build.0 = Release|Any CPU
		{5E861BB1-B852-48AD-A4FC-13E6CA4CA1D3}.Release|x64.ActiveCfg = Release|Any CPU
		{5E861BB1-B852-48AD-A4FC-13E6CA4CA1D3}.Release|x86.ActiveCfg = Release|Any CPU
		{477FC303-4CDE-403A-9D9B-A62935DAED98}.Debug_All|Any CPU.ActiveCfg = Debug|Any CPU
		{477FC303-4CDE-403A-9D9B-A62935DAED98}.Debug_All|Any CPU.Build.0 = Debug|Any CPU
		{477FC303-4CDE-403A-9D9B-A62935DAED98}.Debug_All|Mixed Platforms.ActiveCfg = Debug|Any CPU
		{477FC303-4CDE-403A-9D9B-A62935DAED98}.Debug_All|Mixed Platforms.Build.0 = Debug|Any CPU
		{477FC303-4CDE-403A-9D9B-A62935DAED98}.Debug_All|x64.ActiveCfg = Debug|Any CPU
		{477FC303-4CDE-403A-9D9B-A62935DAED98}.Debug_All|x86.ActiveCfg = Debug|Any CPU
		{477FC303-4CDE-403A-9D9B-A62935DAED98}.Debug_Linux|Any CPU.ActiveCfg = Debug|Any CPU
		{477FC303-4CDE-403A-9D9B-A62935DAED98}.Debug_Linux|Any CPU.Build.0 = Debug|Any CPU
		{477FC303-4CDE-403A-9D9B-A62935DAED98}.Debug_Linux|Mixed Platforms.ActiveCfg = Debug|Any CPU
		{477FC303-4CDE-403A-9D9B-A62935DAED98}.Debug_Linux|Mixed Platforms.Build.0 = Debug|Any CPU
		{477FC303-4CDE-403A-9D9B-A62935DAED98}.Debug_Linux|x64.ActiveCfg = Debug|Any CPU
		{477FC303-4CDE-403A-9D9B-A62935DAED98}.Debug_Linux|x86.ActiveCfg = Debug|Any CPU
		{477FC303-4CDE-403A-9D9B-A62935DAED98}.Debug|Any CPU.ActiveCfg = Debug|Any CPU
		{477FC303-4CDE-403A-9D9B-A62935DAED98}.Debug|Any CPU.Build.0 = Debug|Any CPU
		{477FC303-4CDE-403A-9D9B-A62935DAED98}.Debug|Mixed Platforms.ActiveCfg = Debug|Any CPU
		{477FC303-4CDE-403A-9D9B-A62935DAED98}.Debug|Mixed Platforms.Build.0 = Debug|Any CPU
		{477FC303-4CDE-403A-9D9B-A62935DAED98}.Debug|x64.ActiveCfg = Debug|Any CPU
		{477FC303-4CDE-403A-9D9B-A62935DAED98}.Debug|x86.ActiveCfg = Debug|Any CPU
		{477FC303-4CDE-403A-9D9B-A62935DAED98}.Release_All|Any CPU.ActiveCfg = Release|Any CPU
		{477FC303-4CDE-403A-9D9B-A62935DAED98}.Release_All|Any CPU.Build.0 = Release|Any CPU
		{477FC303-4CDE-403A-9D9B-A62935DAED98}.Release_All|Mixed Platforms.ActiveCfg = Release|Any CPU
		{477FC303-4CDE-403A-9D9B-A62935DAED98}.Release_All|Mixed Platforms.Build.0 = Release|Any CPU
		{477FC303-4CDE-403A-9D9B-A62935DAED98}.Release_All|x64.ActiveCfg = Release|Any CPU
		{477FC303-4CDE-403A-9D9B-A62935DAED98}.Release_All|x86.ActiveCfg = Release|Any CPU
		{477FC303-4CDE-403A-9D9B-A62935DAED98}.Release|Any CPU.ActiveCfg = Release|Any CPU
		{477FC303-4CDE-403A-9D9B-A62935DAED98}.Release|Any CPU.Build.0 = Release|Any CPU
		{477FC303-4CDE-403A-9D9B-A62935DAED98}.Release|Mixed Platforms.ActiveCfg = Release|Any CPU
		{477FC303-4CDE-403A-9D9B-A62935DAED98}.Release|Mixed Platforms.Build.0 = Release|Any CPU
		{477FC303-4CDE-403A-9D9B-A62935DAED98}.Release|x64.ActiveCfg = Release|Any CPU
		{477FC303-4CDE-403A-9D9B-A62935DAED98}.Release|x86.ActiveCfg = Release|Any CPU
		{A8C80252-70EA-4452-B49A-6ACC5357EE10}.Debug_All|Any CPU.ActiveCfg = Debug|Any CPU
		{A8C80252-70EA-4452-B49A-6ACC5357EE10}.Debug_All|Any CPU.Build.0 = Debug|Any CPU
		{A8C80252-70EA-4452-B49A-6ACC5357EE10}.Debug_All|Mixed Platforms.ActiveCfg = Debug|Any CPU
		{A8C80252-70EA-4452-B49A-6ACC5357EE10}.Debug_All|Mixed Platforms.Build.0 = Debug|Any CPU
		{A8C80252-70EA-4452-B49A-6ACC5357EE10}.Debug_All|x64.ActiveCfg = Debug|Any CPU
		{A8C80252-70EA-4452-B49A-6ACC5357EE10}.Debug_All|x86.ActiveCfg = Debug|Any CPU
		{A8C80252-70EA-4452-B49A-6ACC5357EE10}.Debug_Linux|Any CPU.ActiveCfg = Debug|Any CPU
		{A8C80252-70EA-4452-B49A-6ACC5357EE10}.Debug_Linux|Any CPU.Build.0 = Debug|Any CPU
		{A8C80252-70EA-4452-B49A-6ACC5357EE10}.Debug_Linux|Mixed Platforms.ActiveCfg = Debug|Any CPU
		{A8C80252-70EA-4452-B49A-6ACC5357EE10}.Debug_Linux|Mixed Platforms.Build.0 = Debug|Any CPU
		{A8C80252-70EA-4452-B49A-6ACC5357EE10}.Debug_Linux|x64.ActiveCfg = Debug|Any CPU
		{A8C80252-70EA-4452-B49A-6ACC5357EE10}.Debug_Linux|x86.ActiveCfg = Debug|Any CPU
		{A8C80252-70EA-4452-B49A-6ACC5357EE10}.Debug|Any CPU.ActiveCfg = Debug|Any CPU
		{A8C80252-70EA-4452-B49A-6ACC5357EE10}.Debug|Any CPU.Build.0 = Debug|Any CPU
		{A8C80252-70EA-4452-B49A-6ACC5357EE10}.Debug|Mixed Platforms.ActiveCfg = Debug|Any CPU
		{A8C80252-70EA-4452-B49A-6ACC5357EE10}.Debug|Mixed Platforms.Build.0 = Debug|Any CPU
		{A8C80252-70EA-4452-B49A-6ACC5357EE10}.Debug|x64.ActiveCfg = Debug|Any CPU
		{A8C80252-70EA-4452-B49A-6ACC5357EE10}.Debug|x86.ActiveCfg = Debug|Any CPU
		{A8C80252-70EA-4452-B49A-6ACC5357EE10}.Release_All|Any CPU.ActiveCfg = Release|Any CPU
		{A8C80252-70EA-4452-B49A-6ACC5357EE10}.Release_All|Any CPU.Build.0 = Release|Any CPU
		{A8C80252-70EA-4452-B49A-6ACC5357EE10}.Release_All|Mixed Platforms.ActiveCfg = Release|Any CPU
		{A8C80252-70EA-4452-B49A-6ACC5357EE10}.Release_All|Mixed Platforms.Build.0 = Release|Any CPU
		{A8C80252-70EA-4452-B49A-6ACC5357EE10}.Release_All|x64.ActiveCfg = Release|Any CPU
		{A8C80252-70EA-4452-B49A-6ACC5357EE10}.Release_All|x86.ActiveCfg = Release|Any CPU
		{A8C80252-70EA-4452-B49A-6ACC5357EE10}.Release|Any CPU.ActiveCfg = Release|Any CPU
		{A8C80252-70EA-4452-B49A-6ACC5357EE10}.Release|Any CPU.Build.0 = Release|Any CPU
		{A8C80252-70EA-4452-B49A-6ACC5357EE10}.Release|Mixed Platforms.ActiveCfg = Release|Any CPU
		{A8C80252-70EA-4452-B49A-6ACC5357EE10}.Release|Mixed Platforms.Build.0 = Release|Any CPU
		{A8C80252-70EA-4452-B49A-6ACC5357EE10}.Release|x64.ActiveCfg = Release|Any CPU
		{A8C80252-70EA-4452-B49A-6ACC5357EE10}.Release|x86.ActiveCfg = Release|Any CPU
		{1F6516A8-8275-497C-AF08-910CFBC90194}.Debug_All|Any CPU.ActiveCfg = Debug|Any CPU
		{1F6516A8-8275-497C-AF08-910CFBC90194}.Debug_All|Any CPU.Build.0 = Debug|Any CPU
		{1F6516A8-8275-497C-AF08-910CFBC90194}.Debug_All|Mixed Platforms.ActiveCfg = Debug|Any CPU
		{1F6516A8-8275-497C-AF08-910CFBC90194}.Debug_All|Mixed Platforms.Build.0 = Debug|Any CPU
		{1F6516A8-8275-497C-AF08-910CFBC90194}.Debug_All|x64.ActiveCfg = Debug|Any CPU
		{1F6516A8-8275-497C-AF08-910CFBC90194}.Debug_All|x86.ActiveCfg = Debug|Any CPU
		{1F6516A8-8275-497C-AF08-910CFBC90194}.Debug_Linux|Any CPU.ActiveCfg = Debug|Any CPU
		{1F6516A8-8275-497C-AF08-910CFBC90194}.Debug_Linux|Mixed Platforms.ActiveCfg = Debug|Any CPU
		{1F6516A8-8275-497C-AF08-910CFBC90194}.Debug_Linux|Mixed Platforms.Build.0 = Debug|Any CPU
		{1F6516A8-8275-497C-AF08-910CFBC90194}.Debug_Linux|x64.ActiveCfg = Debug|Any CPU
		{1F6516A8-8275-497C-AF08-910CFBC90194}.Debug_Linux|x86.ActiveCfg = Debug|Any CPU
		{1F6516A8-8275-497C-AF08-910CFBC90194}.Debug|Any CPU.ActiveCfg = Debug|Any CPU
		{1F6516A8-8275-497C-AF08-910CFBC90194}.Debug|Any CPU.Build.0 = Debug|Any CPU
		{1F6516A8-8275-497C-AF08-910CFBC90194}.Debug|Mixed Platforms.ActiveCfg = Debug|Any CPU
		{1F6516A8-8275-497C-AF08-910CFBC90194}.Debug|Mixed Platforms.Build.0 = Debug|Any CPU
		{1F6516A8-8275-497C-AF08-910CFBC90194}.Debug|x64.ActiveCfg = Debug|Any CPU
		{1F6516A8-8275-497C-AF08-910CFBC90194}.Debug|x86.ActiveCfg = Debug|Any CPU
		{1F6516A8-8275-497C-AF08-910CFBC90194}.Release_All|Any CPU.ActiveCfg = Release|Any CPU
		{1F6516A8-8275-497C-AF08-910CFBC90194}.Release_All|Any CPU.Build.0 = Release|Any CPU
		{1F6516A8-8275-497C-AF08-910CFBC90194}.Release_All|Mixed Platforms.ActiveCfg = Release|Any CPU
		{1F6516A8-8275-497C-AF08-910CFBC90194}.Release_All|Mixed Platforms.Build.0 = Release|Any CPU
		{1F6516A8-8275-497C-AF08-910CFBC90194}.Release_All|x64.ActiveCfg = Release|Any CPU
		{1F6516A8-8275-497C-AF08-910CFBC90194}.Release_All|x86.ActiveCfg = Release|Any CPU
		{1F6516A8-8275-497C-AF08-910CFBC90194}.Release|Any CPU.ActiveCfg = Release|Any CPU
		{1F6516A8-8275-497C-AF08-910CFBC90194}.Release|Any CPU.Build.0 = Release|Any CPU
		{1F6516A8-8275-497C-AF08-910CFBC90194}.Release|Mixed Platforms.ActiveCfg = Release|Any CPU
		{1F6516A8-8275-497C-AF08-910CFBC90194}.Release|Mixed Platforms.Build.0 = Release|Any CPU
		{1F6516A8-8275-497C-AF08-910CFBC90194}.Release|x64.ActiveCfg = Release|Any CPU
		{1F6516A8-8275-497C-AF08-910CFBC90194}.Release|x86.ActiveCfg = Release|Any CPU
		{65E668FE-B2D3-4A78-B8CA-187279F46365}.Debug_All|Any CPU.ActiveCfg = Debug|Any CPU
		{65E668FE-B2D3-4A78-B8CA-187279F46365}.Debug_All|Any CPU.Build.0 = Debug|Any CPU
		{65E668FE-B2D3-4A78-B8CA-187279F46365}.Debug_All|Mixed Platforms.ActiveCfg = Debug|Any CPU
		{65E668FE-B2D3-4A78-B8CA-187279F46365}.Debug_All|Mixed Platforms.Build.0 = Debug|Any CPU
		{65E668FE-B2D3-4A78-B8CA-187279F46365}.Debug_All|x64.ActiveCfg = Debug|Any CPU
		{65E668FE-B2D3-4A78-B8CA-187279F46365}.Debug_All|x86.ActiveCfg = Debug|Any CPU
		{65E668FE-B2D3-4A78-B8CA-187279F46365}.Debug_Linux|Any CPU.ActiveCfg = Debug|Any CPU
		{65E668FE-B2D3-4A78-B8CA-187279F46365}.Debug_Linux|Any CPU.Build.0 = Debug|Any CPU
		{65E668FE-B2D3-4A78-B8CA-187279F46365}.Debug_Linux|Mixed Platforms.ActiveCfg = Debug|Any CPU
		{65E668FE-B2D3-4A78-B8CA-187279F46365}.Debug_Linux|Mixed Platforms.Build.0 = Debug|Any CPU
		{65E668FE-B2D3-4A78-B8CA-187279F46365}.Debug_Linux|x64.ActiveCfg = Debug|Any CPU
		{65E668FE-B2D3-4A78-B8CA-187279F46365}.Debug_Linux|x86.ActiveCfg = Debug|Any CPU
		{65E668FE-B2D3-4A78-B8CA-187279F46365}.Debug|Any CPU.ActiveCfg = Debug|Any CPU
		{65E668FE-B2D3-4A78-B8CA-187279F46365}.Debug|Any CPU.Build.0 = Debug|Any CPU
		{65E668FE-B2D3-4A78-B8CA-187279F46365}.Debug|Mixed Platforms.ActiveCfg = Debug|Any CPU
		{65E668FE-B2D3-4A78-B8CA-187279F46365}.Debug|Mixed Platforms.Build.0 = Debug|Any CPU
		{65E668FE-B2D3-4A78-B8CA-187279F46365}.Debug|x64.ActiveCfg = Debug|Any CPU
		{65E668FE-B2D3-4A78-B8CA-187279F46365}.Debug|x86.ActiveCfg = Debug|Any CPU
		{65E668FE-B2D3-4A78-B8CA-187279F46365}.Release_All|Any CPU.ActiveCfg = Release|Any CPU
		{65E668FE-B2D3-4A78-B8CA-187279F46365}.Release_All|Any CPU.Build.0 = Release|Any CPU
		{65E668FE-B2D3-4A78-B8CA-187279F46365}.Release_All|Mixed Platforms.ActiveCfg = Release|Any CPU
		{65E668FE-B2D3-4A78-B8CA-187279F46365}.Release_All|Mixed Platforms.Build.0 = Release|Any CPU
		{65E668FE-B2D3-4A78-B8CA-187279F46365}.Release_All|x64.ActiveCfg = Release|Any CPU
		{65E668FE-B2D3-4A78-B8CA-187279F46365}.Release_All|x86.ActiveCfg = Release|Any CPU
		{65E668FE-B2D3-4A78-B8CA-187279F46365}.Release|Any CPU.ActiveCfg = Release|Any CPU
		{65E668FE-B2D3-4A78-B8CA-187279F46365}.Release|Any CPU.Build.0 = Release|Any CPU
		{65E668FE-B2D3-4A78-B8CA-187279F46365}.Release|Mixed Platforms.ActiveCfg = Release|Any CPU
		{65E668FE-B2D3-4A78-B8CA-187279F46365}.Release|Mixed Platforms.Build.0 = Release|Any CPU
		{65E668FE-B2D3-4A78-B8CA-187279F46365}.Release|x64.ActiveCfg = Release|Any CPU
		{65E668FE-B2D3-4A78-B8CA-187279F46365}.Release|x86.ActiveCfg = Release|Any CPU
		{BF64100F-2BDA-4E53-9096-ECB8225099FE}.Debug_All|Any CPU.ActiveCfg = Debug|Any CPU
		{BF64100F-2BDA-4E53-9096-ECB8225099FE}.Debug_All|Any CPU.Build.0 = Debug|Any CPU
		{BF64100F-2BDA-4E53-9096-ECB8225099FE}.Debug_All|Mixed Platforms.ActiveCfg = Debug|Any CPU
		{BF64100F-2BDA-4E53-9096-ECB8225099FE}.Debug_All|Mixed Platforms.Build.0 = Debug|Any CPU
		{BF64100F-2BDA-4E53-9096-ECB8225099FE}.Debug_All|x64.ActiveCfg = Debug|Any CPU
		{BF64100F-2BDA-4E53-9096-ECB8225099FE}.Debug_All|x86.ActiveCfg = Debug|Any CPU
		{BF64100F-2BDA-4E53-9096-ECB8225099FE}.Debug_Linux|Any CPU.ActiveCfg = Debug|Any CPU
		{BF64100F-2BDA-4E53-9096-ECB8225099FE}.Debug_Linux|Any CPU.Build.0 = Debug|Any CPU
		{BF64100F-2BDA-4E53-9096-ECB8225099FE}.Debug_Linux|Mixed Platforms.ActiveCfg = Debug|Any CPU
		{BF64100F-2BDA-4E53-9096-ECB8225099FE}.Debug_Linux|Mixed Platforms.Build.0 = Debug|Any CPU
		{BF64100F-2BDA-4E53-9096-ECB8225099FE}.Debug_Linux|x64.ActiveCfg = Debug|Any CPU
		{BF64100F-2BDA-4E53-9096-ECB8225099FE}.Debug_Linux|x86.ActiveCfg = Debug|Any CPU
		{BF64100F-2BDA-4E53-9096-ECB8225099FE}.Debug|Any CPU.ActiveCfg = Debug|Any CPU
		{BF64100F-2BDA-4E53-9096-ECB8225099FE}.Debug|Any CPU.Build.0 = Debug|Any CPU
		{BF64100F-2BDA-4E53-9096-ECB8225099FE}.Debug|Mixed Platforms.ActiveCfg = Debug|Any CPU
		{BF64100F-2BDA-4E53-9096-ECB8225099FE}.Debug|Mixed Platforms.Build.0 = Debug|Any CPU
		{BF64100F-2BDA-4E53-9096-ECB8225099FE}.Debug|x64.ActiveCfg = Debug|Any CPU
		{BF64100F-2BDA-4E53-9096-ECB8225099FE}.Debug|x86.ActiveCfg = Debug|Any CPU
		{BF64100F-2BDA-4E53-9096-ECB8225099FE}.Release_All|Any CPU.ActiveCfg = Release|Any CPU
		{BF64100F-2BDA-4E53-9096-ECB8225099FE}.Release_All|Any CPU.Build.0 = Release|Any CPU
		{BF64100F-2BDA-4E53-9096-ECB8225099FE}.Release_All|Mixed Platforms.ActiveCfg = Release|Any CPU
		{BF64100F-2BDA-4E53-9096-ECB8225099FE}.Release_All|Mixed Platforms.Build.0 = Release|Any CPU
		{BF64100F-2BDA-4E53-9096-ECB8225099FE}.Release_All|x64.ActiveCfg = Release|Any CPU
		{BF64100F-2BDA-4E53-9096-ECB8225099FE}.Release_All|x86.ActiveCfg = Release|Any CPU
		{BF64100F-2BDA-4E53-9096-ECB8225099FE}.Release|Any CPU.ActiveCfg = Release|Any CPU
		{BF64100F-2BDA-4E53-9096-ECB8225099FE}.Release|Any CPU.Build.0 = Release|Any CPU
		{BF64100F-2BDA-4E53-9096-ECB8225099FE}.Release|Mixed Platforms.ActiveCfg = Release|Any CPU
		{BF64100F-2BDA-4E53-9096-ECB8225099FE}.Release|Mixed Platforms.Build.0 = Release|Any CPU
		{BF64100F-2BDA-4E53-9096-ECB8225099FE}.Release|x64.ActiveCfg = Release|Any CPU
		{BF64100F-2BDA-4E53-9096-ECB8225099FE}.Release|x86.ActiveCfg = Release|Any CPU
		{9E162029-5DC3-4E8D-9B1C-9266561FD16A}.Debug_All|Any CPU.ActiveCfg = Debug|Any CPU
		{9E162029-5DC3-4E8D-9B1C-9266561FD16A}.Debug_All|Any CPU.Build.0 = Debug|Any CPU
		{9E162029-5DC3-4E8D-9B1C-9266561FD16A}.Debug_All|Mixed Platforms.ActiveCfg = Debug|Any CPU
		{9E162029-5DC3-4E8D-9B1C-9266561FD16A}.Debug_All|Mixed Platforms.Build.0 = Debug|Any CPU
		{9E162029-5DC3-4E8D-9B1C-9266561FD16A}.Debug_All|x64.ActiveCfg = Debug|Any CPU
		{9E162029-5DC3-4E8D-9B1C-9266561FD16A}.Debug_All|x86.ActiveCfg = Debug|Any CPU
		{9E162029-5DC3-4E8D-9B1C-9266561FD16A}.Debug_Linux|Any CPU.ActiveCfg = Debug|Any CPU
		{9E162029-5DC3-4E8D-9B1C-9266561FD16A}.Debug_Linux|Any CPU.Build.0 = Debug|Any CPU
		{9E162029-5DC3-4E8D-9B1C-9266561FD16A}.Debug_Linux|Mixed Platforms.ActiveCfg = Debug|Any CPU
		{9E162029-5DC3-4E8D-9B1C-9266561FD16A}.Debug_Linux|Mixed Platforms.Build.0 = Debug|Any CPU
		{9E162029-5DC3-4E8D-9B1C-9266561FD16A}.Debug_Linux|x64.ActiveCfg = Debug|Any CPU
		{9E162029-5DC3-4E8D-9B1C-9266561FD16A}.Debug_Linux|x86.ActiveCfg = Debug|Any CPU
		{9E162029-5DC3-4E8D-9B1C-9266561FD16A}.Debug|Any CPU.ActiveCfg = Debug|Any CPU
		{9E162029-5DC3-4E8D-9B1C-9266561FD16A}.Debug|Any CPU.Build.0 = Debug|Any CPU
		{9E162029-5DC3-4E8D-9B1C-9266561FD16A}.Debug|Mixed Platforms.ActiveCfg = Debug|Any CPU
		{9E162029-5DC3-4E8D-9B1C-9266561FD16A}.Debug|Mixed Platforms.Build.0 = Debug|Any CPU
		{9E162029-5DC3-4E8D-9B1C-9266561FD16A}.Debug|x64.ActiveCfg = Debug|Any CPU
		{9E162029-5DC3-4E8D-9B1C-9266561FD16A}.Debug|x86.ActiveCfg = Debug|Any CPU
		{9E162029-5DC3-4E8D-9B1C-9266561FD16A}.Release_All|Any CPU.ActiveCfg = Release|Any CPU
		{9E162029-5DC3-4E8D-9B1C-9266561FD16A}.Release_All|Any CPU.Build.0 = Release|Any CPU
		{9E162029-5DC3-4E8D-9B1C-9266561FD16A}.Release_All|Mixed Platforms.ActiveCfg = Release|Any CPU
		{9E162029-5DC3-4E8D-9B1C-9266561FD16A}.Release_All|Mixed Platforms.Build.0 = Release|Any CPU
		{9E162029-5DC3-4E8D-9B1C-9266561FD16A}.Release_All|x64.ActiveCfg = Release|Any CPU
		{9E162029-5DC3-4E8D-9B1C-9266561FD16A}.Release_All|x86.ActiveCfg = Release|Any CPU
		{9E162029-5DC3-4E8D-9B1C-9266561FD16A}.Release|Any CPU.ActiveCfg = Release|Any CPU
		{9E162029-5DC3-4E8D-9B1C-9266561FD16A}.Release|Any CPU.Build.0 = Release|Any CPU
		{9E162029-5DC3-4E8D-9B1C-9266561FD16A}.Release|Mixed Platforms.ActiveCfg = Release|Any CPU
		{9E162029-5DC3-4E8D-9B1C-9266561FD16A}.Release|Mixed Platforms.Build.0 = Release|Any CPU
		{9E162029-5DC3-4E8D-9B1C-9266561FD16A}.Release|x64.ActiveCfg = Release|Any CPU
		{9E162029-5DC3-4E8D-9B1C-9266561FD16A}.Release|x86.ActiveCfg = Release|Any CPU
		{8E6DA788-5EE6-4140-A1AF-F794051E54C0}.Debug_All|Any CPU.ActiveCfg = Debug|Any CPU
		{8E6DA788-5EE6-4140-A1AF-F794051E54C0}.Debug_All|Any CPU.Build.0 = Debug|Any CPU
		{8E6DA788-5EE6-4140-A1AF-F794051E54C0}.Debug_All|Mixed Platforms.ActiveCfg = Debug|Any CPU
		{8E6DA788-5EE6-4140-A1AF-F794051E54C0}.Debug_All|Mixed Platforms.Build.0 = Debug|Any CPU
		{8E6DA788-5EE6-4140-A1AF-F794051E54C0}.Debug_All|x64.ActiveCfg = Debug|Any CPU
		{8E6DA788-5EE6-4140-A1AF-F794051E54C0}.Debug_All|x86.ActiveCfg = Debug|Any CPU
		{8E6DA788-5EE6-4140-A1AF-F794051E54C0}.Debug_Linux|Any CPU.ActiveCfg = Debug|Any CPU
		{8E6DA788-5EE6-4140-A1AF-F794051E54C0}.Debug_Linux|Any CPU.Build.0 = Debug|Any CPU
		{8E6DA788-5EE6-4140-A1AF-F794051E54C0}.Debug_Linux|Mixed Platforms.ActiveCfg = Debug|Any CPU
		{8E6DA788-5EE6-4140-A1AF-F794051E54C0}.Debug_Linux|Mixed Platforms.Build.0 = Debug|Any CPU
		{8E6DA788-5EE6-4140-A1AF-F794051E54C0}.Debug_Linux|x64.ActiveCfg = Debug|Any CPU
		{8E6DA788-5EE6-4140-A1AF-F794051E54C0}.Debug_Linux|x86.ActiveCfg = Debug|Any CPU
		{8E6DA788-5EE6-4140-A1AF-F794051E54C0}.Debug|Any CPU.ActiveCfg = Debug|Any CPU
		{8E6DA788-5EE6-4140-A1AF-F794051E54C0}.Debug|Any CPU.Build.0 = Debug|Any CPU
		{8E6DA788-5EE6-4140-A1AF-F794051E54C0}.Debug|Mixed Platforms.ActiveCfg = Debug|Any CPU
		{8E6DA788-5EE6-4140-A1AF-F794051E54C0}.Debug|Mixed Platforms.Build.0 = Debug|Any CPU
		{8E6DA788-5EE6-4140-A1AF-F794051E54C0}.Debug|x64.ActiveCfg = Debug|Any CPU
		{8E6DA788-5EE6-4140-A1AF-F794051E54C0}.Debug|x86.ActiveCfg = Debug|Any CPU
		{8E6DA788-5EE6-4140-A1AF-F794051E54C0}.Release_All|Any CPU.ActiveCfg = Release|Any CPU
		{8E6DA788-5EE6-4140-A1AF-F794051E54C0}.Release_All|Any CPU.Build.0 = Release|Any CPU
		{8E6DA788-5EE6-4140-A1AF-F794051E54C0}.Release_All|Mixed Platforms.ActiveCfg = Release|Any CPU
		{8E6DA788-5EE6-4140-A1AF-F794051E54C0}.Release_All|Mixed Platforms.Build.0 = Release|Any CPU
		{8E6DA788-5EE6-4140-A1AF-F794051E54C0}.Release_All|x64.ActiveCfg = Release|Any CPU
		{8E6DA788-5EE6-4140-A1AF-F794051E54C0}.Release_All|x86.ActiveCfg = Release|Any CPU
		{8E6DA788-5EE6-4140-A1AF-F794051E54C0}.Release|Any CPU.ActiveCfg = Release|Any CPU
		{8E6DA788-5EE6-4140-A1AF-F794051E54C0}.Release|Any CPU.Build.0 = Release|Any CPU
		{8E6DA788-5EE6-4140-A1AF-F794051E54C0}.Release|Mixed Platforms.ActiveCfg = Release|Any CPU
		{8E6DA788-5EE6-4140-A1AF-F794051E54C0}.Release|Mixed Platforms.Build.0 = Release|Any CPU
		{8E6DA788-5EE6-4140-A1AF-F794051E54C0}.Release|x64.ActiveCfg = Release|Any CPU
		{8E6DA788-5EE6-4140-A1AF-F794051E54C0}.Release|x86.ActiveCfg = Release|Any CPU
		{30845B5A-6050-4952-A524-7B913C2C0AEE}.Debug_All|Any CPU.ActiveCfg = Debug|Any CPU
		{30845B5A-6050-4952-A524-7B913C2C0AEE}.Debug_All|Any CPU.Build.0 = Debug|Any CPU
		{30845B5A-6050-4952-A524-7B913C2C0AEE}.Debug_All|Mixed Platforms.ActiveCfg = Debug|Any CPU
		{30845B5A-6050-4952-A524-7B913C2C0AEE}.Debug_All|Mixed Platforms.Build.0 = Debug|Any CPU
		{30845B5A-6050-4952-A524-7B913C2C0AEE}.Debug_All|x64.ActiveCfg = Debug|Any CPU
		{30845B5A-6050-4952-A524-7B913C2C0AEE}.Debug_All|x86.ActiveCfg = Debug|Any CPU
		{30845B5A-6050-4952-A524-7B913C2C0AEE}.Debug_Linux|Any CPU.ActiveCfg = Debug|Any CPU
		{30845B5A-6050-4952-A524-7B913C2C0AEE}.Debug_Linux|Any CPU.Build.0 = Debug|Any CPU
		{30845B5A-6050-4952-A524-7B913C2C0AEE}.Debug_Linux|Mixed Platforms.ActiveCfg = Debug|Any CPU
		{30845B5A-6050-4952-A524-7B913C2C0AEE}.Debug_Linux|Mixed Platforms.Build.0 = Debug|Any CPU
		{30845B5A-6050-4952-A524-7B913C2C0AEE}.Debug_Linux|x64.ActiveCfg = Debug|Any CPU
		{30845B5A-6050-4952-A524-7B913C2C0AEE}.Debug_Linux|x86.ActiveCfg = Debug|Any CPU
		{30845B5A-6050-4952-A524-7B913C2C0AEE}.Debug|Any CPU.ActiveCfg = Debug|Any CPU
		{30845B5A-6050-4952-A524-7B913C2C0AEE}.Debug|Any CPU.Build.0 = Debug|Any CPU
		{30845B5A-6050-4952-A524-7B913C2C0AEE}.Debug|Mixed Platforms.ActiveCfg = Debug|Any CPU
		{30845B5A-6050-4952-A524-7B913C2C0AEE}.Debug|Mixed Platforms.Build.0 = Debug|Any CPU
		{30845B5A-6050-4952-A524-7B913C2C0AEE}.Debug|x64.ActiveCfg = Debug|Any CPU
		{30845B5A-6050-4952-A524-7B913C2C0AEE}.Debug|x86.ActiveCfg = Debug|Any CPU
		{30845B5A-6050-4952-A524-7B913C2C0AEE}.Release_All|Any CPU.ActiveCfg = Release|Any CPU
		{30845B5A-6050-4952-A524-7B913C2C0AEE}.Release_All|Any CPU.Build.0 = Release|Any CPU
		{30845B5A-6050-4952-A524-7B913C2C0AEE}.Release_All|Mixed Platforms.ActiveCfg = Release|Any CPU
		{30845B5A-6050-4952-A524-7B913C2C0AEE}.Release_All|Mixed Platforms.Build.0 = Release|Any CPU
		{30845B5A-6050-4952-A524-7B913C2C0AEE}.Release_All|x64.ActiveCfg = Release|Any CPU
		{30845B5A-6050-4952-A524-7B913C2C0AEE}.Release_All|x86.ActiveCfg = Release|Any CPU
		{30845B5A-6050-4952-A524-7B913C2C0AEE}.Release|Any CPU.ActiveCfg = Release|Any CPU
		{30845B5A-6050-4952-A524-7B913C2C0AEE}.Release|Any CPU.Build.0 = Release|Any CPU
		{30845B5A-6050-4952-A524-7B913C2C0AEE}.Release|Mixed Platforms.ActiveCfg = Release|Any CPU
		{30845B5A-6050-4952-A524-7B913C2C0AEE}.Release|Mixed Platforms.Build.0 = Release|Any CPU
		{30845B5A-6050-4952-A524-7B913C2C0AEE}.Release|x64.ActiveCfg = Release|Any CPU
		{30845B5A-6050-4952-A524-7B913C2C0AEE}.Release|x86.ActiveCfg = Release|Any CPU
		{E436CC1F-AF7A-4A76-B7CD-1ADFD490C5BF}.Debug_All|Any CPU.ActiveCfg = Debug|Any CPU
		{E436CC1F-AF7A-4A76-B7CD-1ADFD490C5BF}.Debug_All|Any CPU.Build.0 = Debug|Any CPU
		{E436CC1F-AF7A-4A76-B7CD-1ADFD490C5BF}.Debug_All|Mixed Platforms.ActiveCfg = Debug|Any CPU
		{E436CC1F-AF7A-4A76-B7CD-1ADFD490C5BF}.Debug_All|Mixed Platforms.Build.0 = Debug|Any CPU
		{E436CC1F-AF7A-4A76-B7CD-1ADFD490C5BF}.Debug_All|x64.ActiveCfg = Debug|Any CPU
		{E436CC1F-AF7A-4A76-B7CD-1ADFD490C5BF}.Debug_All|x86.ActiveCfg = Debug|Any CPU
		{E436CC1F-AF7A-4A76-B7CD-1ADFD490C5BF}.Debug_Linux|Any CPU.ActiveCfg = Debug|Any CPU
		{E436CC1F-AF7A-4A76-B7CD-1ADFD490C5BF}.Debug_Linux|Any CPU.Build.0 = Debug|Any CPU
		{E436CC1F-AF7A-4A76-B7CD-1ADFD490C5BF}.Debug_Linux|Mixed Platforms.ActiveCfg = Debug|Any CPU
		{E436CC1F-AF7A-4A76-B7CD-1ADFD490C5BF}.Debug_Linux|Mixed Platforms.Build.0 = Debug|Any CPU
		{E436CC1F-AF7A-4A76-B7CD-1ADFD490C5BF}.Debug_Linux|x64.ActiveCfg = Debug|Any CPU
		{E436CC1F-AF7A-4A76-B7CD-1ADFD490C5BF}.Debug_Linux|x86.ActiveCfg = Debug|Any CPU
		{E436CC1F-AF7A-4A76-B7CD-1ADFD490C5BF}.Debug|Any CPU.ActiveCfg = Debug|Any CPU
		{E436CC1F-AF7A-4A76-B7CD-1ADFD490C5BF}.Debug|Any CPU.Build.0 = Debug|Any CPU
		{E436CC1F-AF7A-4A76-B7CD-1ADFD490C5BF}.Debug|Mixed Platforms.ActiveCfg = Debug|Any CPU
		{E436CC1F-AF7A-4A76-B7CD-1ADFD490C5BF}.Debug|Mixed Platforms.Build.0 = Debug|Any CPU
		{E436CC1F-AF7A-4A76-B7CD-1ADFD490C5BF}.Debug|x64.ActiveCfg = Debug|Any CPU
		{E436CC1F-AF7A-4A76-B7CD-1ADFD490C5BF}.Debug|x86.ActiveCfg = Debug|Any CPU
		{E436CC1F-AF7A-4A76-B7CD-1ADFD490C5BF}.Release_All|Any CPU.ActiveCfg = Release|Any CPU
		{E436CC1F-AF7A-4A76-B7CD-1ADFD490C5BF}.Release_All|Any CPU.Build.0 = Release|Any CPU
		{E436CC1F-AF7A-4A76-B7CD-1ADFD490C5BF}.Release_All|Mixed Platforms.ActiveCfg = Release|Any CPU
		{E436CC1F-AF7A-4A76-B7CD-1ADFD490C5BF}.Release_All|Mixed Platforms.Build.0 = Release|Any CPU
		{E436CC1F-AF7A-4A76-B7CD-1ADFD490C5BF}.Release_All|x64.ActiveCfg = Release|Any CPU
		{E436CC1F-AF7A-4A76-B7CD-1ADFD490C5BF}.Release_All|x86.ActiveCfg = Release|Any CPU
		{E436CC1F-AF7A-4A76-B7CD-1ADFD490C5BF}.Release|Any CPU.ActiveCfg = Release|Any CPU
		{E436CC1F-AF7A-4A76-B7CD-1ADFD490C5BF}.Release|Any CPU.Build.0 = Release|Any CPU
		{E436CC1F-AF7A-4A76-B7CD-1ADFD490C5BF}.Release|Mixed Platforms.ActiveCfg = Release|Any CPU
		{E436CC1F-AF7A-4A76-B7CD-1ADFD490C5BF}.Release|Mixed Platforms.Build.0 = Release|Any CPU
		{E436CC1F-AF7A-4A76-B7CD-1ADFD490C5BF}.Release|x64.ActiveCfg = Release|Any CPU
		{E436CC1F-AF7A-4A76-B7CD-1ADFD490C5BF}.Release|x86.ActiveCfg = Release|Any CPU
		{1DB5C402-31DF-4AB3-95AA-6565C63A018E}.Debug_All|Any CPU.ActiveCfg = Debug|Any CPU
		{1DB5C402-31DF-4AB3-95AA-6565C63A018E}.Debug_All|Any CPU.Build.0 = Debug|Any CPU
		{1DB5C402-31DF-4AB3-95AA-6565C63A018E}.Debug_All|Mixed Platforms.ActiveCfg = Debug|Any CPU
		{1DB5C402-31DF-4AB3-95AA-6565C63A018E}.Debug_All|Mixed Platforms.Build.0 = Debug|Any CPU
		{1DB5C402-31DF-4AB3-95AA-6565C63A018E}.Debug_All|x64.ActiveCfg = Debug|Any CPU
		{1DB5C402-31DF-4AB3-95AA-6565C63A018E}.Debug_All|x86.ActiveCfg = Debug|Any CPU
		{1DB5C402-31DF-4AB3-95AA-6565C63A018E}.Debug_Linux|Any CPU.ActiveCfg = Debug|Any CPU
		{1DB5C402-31DF-4AB3-95AA-6565C63A018E}.Debug_Linux|Any CPU.Build.0 = Debug|Any CPU
		{1DB5C402-31DF-4AB3-95AA-6565C63A018E}.Debug_Linux|Mixed Platforms.ActiveCfg = Debug|Any CPU
		{1DB5C402-31DF-4AB3-95AA-6565C63A018E}.Debug_Linux|Mixed Platforms.Build.0 = Debug|Any CPU
		{1DB5C402-31DF-4AB3-95AA-6565C63A018E}.Debug_Linux|x64.ActiveCfg = Debug|Any CPU
		{1DB5C402-31DF-4AB3-95AA-6565C63A018E}.Debug_Linux|x86.ActiveCfg = Debug|Any CPU
		{1DB5C402-31DF-4AB3-95AA-6565C63A018E}.Debug|Any CPU.ActiveCfg = Debug|Any CPU
		{1DB5C402-31DF-4AB3-95AA-6565C63A018E}.Debug|Any CPU.Build.0 = Debug|Any CPU
		{1DB5C402-31DF-4AB3-95AA-6565C63A018E}.Debug|Mixed Platforms.ActiveCfg = Debug|Any CPU
		{1DB5C402-31DF-4AB3-95AA-6565C63A018E}.Debug|Mixed Platforms.Build.0 = Debug|Any CPU
		{1DB5C402-31DF-4AB3-95AA-6565C63A018E}.Debug|x64.ActiveCfg = Debug|Any CPU
		{1DB5C402-31DF-4AB3-95AA-6565C63A018E}.Debug|x86.ActiveCfg = Debug|Any CPU
		{1DB5C402-31DF-4AB3-95AA-6565C63A018E}.Release_All|Any CPU.ActiveCfg = Release|Any CPU
		{1DB5C402-31DF-4AB3-95AA-6565C63A018E}.Release_All|Any CPU.Build.0 = Release|Any CPU
		{1DB5C402-31DF-4AB3-95AA-6565C63A018E}.Release_All|Mixed Platforms.ActiveCfg = Release|Any CPU
		{1DB5C402-31DF-4AB3-95AA-6565C63A018E}.Release_All|Mixed Platforms.Build.0 = Release|Any CPU
		{1DB5C402-31DF-4AB3-95AA-6565C63A018E}.Release_All|x64.ActiveCfg = Release|Any CPU
		{1DB5C402-31DF-4AB3-95AA-6565C63A018E}.Release_All|x86.ActiveCfg = Release|Any CPU
		{1DB5C402-31DF-4AB3-95AA-6565C63A018E}.Release|Any CPU.ActiveCfg = Release|Any CPU
		{1DB5C402-31DF-4AB3-95AA-6565C63A018E}.Release|Any CPU.Build.0 = Release|Any CPU
		{1DB5C402-31DF-4AB3-95AA-6565C63A018E}.Release|Mixed Platforms.ActiveCfg = Release|Any CPU
		{1DB5C402-31DF-4AB3-95AA-6565C63A018E}.Release|Mixed Platforms.Build.0 = Release|Any CPU
		{1DB5C402-31DF-4AB3-95AA-6565C63A018E}.Release|x64.ActiveCfg = Release|Any CPU
		{1DB5C402-31DF-4AB3-95AA-6565C63A018E}.Release|x86.ActiveCfg = Release|Any CPU
		{D53D30DD-89F0-475B-9382-C45DB4202A1E}.Debug_All|Any CPU.ActiveCfg = Debug|Any CPU
		{D53D30DD-89F0-475B-9382-C45DB4202A1E}.Debug_All|Any CPU.Build.0 = Debug|Any CPU
		{D53D30DD-89F0-475B-9382-C45DB4202A1E}.Debug_All|Mixed Platforms.ActiveCfg = Debug|Any CPU
		{D53D30DD-89F0-475B-9382-C45DB4202A1E}.Debug_All|Mixed Platforms.Build.0 = Debug|Any CPU
		{D53D30DD-89F0-475B-9382-C45DB4202A1E}.Debug_All|x64.ActiveCfg = Debug|Any CPU
		{D53D30DD-89F0-475B-9382-C45DB4202A1E}.Debug_All|x86.ActiveCfg = Debug|Any CPU
		{D53D30DD-89F0-475B-9382-C45DB4202A1E}.Debug_Linux|Any CPU.ActiveCfg = Debug|Any CPU
		{D53D30DD-89F0-475B-9382-C45DB4202A1E}.Debug_Linux|Any CPU.Build.0 = Debug|Any CPU
		{D53D30DD-89F0-475B-9382-C45DB4202A1E}.Debug_Linux|Mixed Platforms.ActiveCfg = Debug|Any CPU
		{D53D30DD-89F0-475B-9382-C45DB4202A1E}.Debug_Linux|Mixed Platforms.Build.0 = Debug|Any CPU
		{D53D30DD-89F0-475B-9382-C45DB4202A1E}.Debug_Linux|x64.ActiveCfg = Debug|Any CPU
		{D53D30DD-89F0-475B-9382-C45DB4202A1E}.Debug_Linux|x86.ActiveCfg = Debug|Any CPU
		{D53D30DD-89F0-475B-9382-C45DB4202A1E}.Debug|Any CPU.ActiveCfg = Debug|Any CPU
		{D53D30DD-89F0-475B-9382-C45DB4202A1E}.Debug|Any CPU.Build.0 = Debug|Any CPU
		{D53D30DD-89F0-475B-9382-C45DB4202A1E}.Debug|Mixed Platforms.ActiveCfg = Debug|Any CPU
		{D53D30DD-89F0-475B-9382-C45DB4202A1E}.Debug|Mixed Platforms.Build.0 = Debug|Any CPU
		{D53D30DD-89F0-475B-9382-C45DB4202A1E}.Debug|x64.ActiveCfg = Debug|Any CPU
		{D53D30DD-89F0-475B-9382-C45DB4202A1E}.Debug|x86.ActiveCfg = Debug|Any CPU
		{D53D30DD-89F0-475B-9382-C45DB4202A1E}.Release_All|Any CPU.ActiveCfg = Release|Any CPU
		{D53D30DD-89F0-475B-9382-C45DB4202A1E}.Release_All|Any CPU.Build.0 = Release|Any CPU
		{D53D30DD-89F0-475B-9382-C45DB4202A1E}.Release_All|Mixed Platforms.ActiveCfg = Release|Any CPU
		{D53D30DD-89F0-475B-9382-C45DB4202A1E}.Release_All|Mixed Platforms.Build.0 = Release|Any CPU
		{D53D30DD-89F0-475B-9382-C45DB4202A1E}.Release_All|x64.ActiveCfg = Release|Any CPU
		{D53D30DD-89F0-475B-9382-C45DB4202A1E}.Release_All|x86.ActiveCfg = Release|Any CPU
		{D53D30DD-89F0-475B-9382-C45DB4202A1E}.Release|Any CPU.ActiveCfg = Release|Any CPU
		{D53D30DD-89F0-475B-9382-C45DB4202A1E}.Release|Any CPU.Build.0 = Release|Any CPU
		{D53D30DD-89F0-475B-9382-C45DB4202A1E}.Release|Mixed Platforms.ActiveCfg = Release|Any CPU
		{D53D30DD-89F0-475B-9382-C45DB4202A1E}.Release|Mixed Platforms.Build.0 = Release|Any CPU
		{D53D30DD-89F0-475B-9382-C45DB4202A1E}.Release|x64.ActiveCfg = Release|Any CPU
		{D53D30DD-89F0-475B-9382-C45DB4202A1E}.Release|x86.ActiveCfg = Release|Any CPU
		{CF74F8AC-0E87-44CF-9181-F402854DF389}.Debug_All|Any CPU.ActiveCfg = Debug|Any CPU
		{CF74F8AC-0E87-44CF-9181-F402854DF389}.Debug_All|Any CPU.Build.0 = Debug|Any CPU
		{CF74F8AC-0E87-44CF-9181-F402854DF389}.Debug_All|Mixed Platforms.ActiveCfg = Debug|Any CPU
		{CF74F8AC-0E87-44CF-9181-F402854DF389}.Debug_All|Mixed Platforms.Build.0 = Debug|Any CPU
		{CF74F8AC-0E87-44CF-9181-F402854DF389}.Debug_All|x64.ActiveCfg = Debug|Any CPU
		{CF74F8AC-0E87-44CF-9181-F402854DF389}.Debug_All|x86.ActiveCfg = Debug|Any CPU
		{CF74F8AC-0E87-44CF-9181-F402854DF389}.Debug_Linux|Any CPU.ActiveCfg = Debug|Any CPU
		{CF74F8AC-0E87-44CF-9181-F402854DF389}.Debug_Linux|Any CPU.Build.0 = Debug|Any CPU
		{CF74F8AC-0E87-44CF-9181-F402854DF389}.Debug_Linux|Mixed Platforms.ActiveCfg = Debug|Any CPU
		{CF74F8AC-0E87-44CF-9181-F402854DF389}.Debug_Linux|Mixed Platforms.Build.0 = Debug|Any CPU
		{CF74F8AC-0E87-44CF-9181-F402854DF389}.Debug_Linux|x64.ActiveCfg = Debug|Any CPU
		{CF74F8AC-0E87-44CF-9181-F402854DF389}.Debug_Linux|x86.ActiveCfg = Debug|Any CPU
		{CF74F8AC-0E87-44CF-9181-F402854DF389}.Debug|Any CPU.ActiveCfg = Debug|Any CPU
		{CF74F8AC-0E87-44CF-9181-F402854DF389}.Debug|Any CPU.Build.0 = Debug|Any CPU
		{CF74F8AC-0E87-44CF-9181-F402854DF389}.Debug|Mixed Platforms.ActiveCfg = Debug|Any CPU
		{CF74F8AC-0E87-44CF-9181-F402854DF389}.Debug|Mixed Platforms.Build.0 = Debug|Any CPU
		{CF74F8AC-0E87-44CF-9181-F402854DF389}.Debug|x64.ActiveCfg = Debug|Any CPU
		{CF74F8AC-0E87-44CF-9181-F402854DF389}.Debug|x86.ActiveCfg = Debug|Any CPU
		{CF74F8AC-0E87-44CF-9181-F402854DF389}.Release_All|Any CPU.ActiveCfg = Release|Any CPU
		{CF74F8AC-0E87-44CF-9181-F402854DF389}.Release_All|Any CPU.Build.0 = Release|Any CPU
		{CF74F8AC-0E87-44CF-9181-F402854DF389}.Release_All|Mixed Platforms.ActiveCfg = Release|Any CPU
		{CF74F8AC-0E87-44CF-9181-F402854DF389}.Release_All|Mixed Platforms.Build.0 = Release|Any CPU
		{CF74F8AC-0E87-44CF-9181-F402854DF389}.Release_All|x64.ActiveCfg = Release|Any CPU
		{CF74F8AC-0E87-44CF-9181-F402854DF389}.Release_All|x86.ActiveCfg = Release|Any CPU
		{CF74F8AC-0E87-44CF-9181-F402854DF389}.Release|Any CPU.ActiveCfg = Release|Any CPU
		{CF74F8AC-0E87-44CF-9181-F402854DF389}.Release|Any CPU.Build.0 = Release|Any CPU
		{CF74F8AC-0E87-44CF-9181-F402854DF389}.Release|Mixed Platforms.ActiveCfg = Release|Any CPU
		{CF74F8AC-0E87-44CF-9181-F402854DF389}.Release|Mixed Platforms.Build.0 = Release|Any CPU
		{CF74F8AC-0E87-44CF-9181-F402854DF389}.Release|x64.ActiveCfg = Release|Any CPU
		{CF74F8AC-0E87-44CF-9181-F402854DF389}.Release|x86.ActiveCfg = Release|Any CPU
		{38CD1595-60A1-4530-B3E6-53F3203D99A2}.Debug_All|Any CPU.ActiveCfg = Debug|Any CPU
		{38CD1595-60A1-4530-B3E6-53F3203D99A2}.Debug_All|Any CPU.Build.0 = Debug|Any CPU
		{38CD1595-60A1-4530-B3E6-53F3203D99A2}.Debug_All|Mixed Platforms.ActiveCfg = Debug|Any CPU
		{38CD1595-60A1-4530-B3E6-53F3203D99A2}.Debug_All|Mixed Platforms.Build.0 = Debug|Any CPU
		{38CD1595-60A1-4530-B3E6-53F3203D99A2}.Debug_All|x64.ActiveCfg = Debug|Any CPU
		{38CD1595-60A1-4530-B3E6-53F3203D99A2}.Debug_All|x86.ActiveCfg = Debug|Any CPU
		{38CD1595-60A1-4530-B3E6-53F3203D99A2}.Debug_Linux|Any CPU.ActiveCfg = Debug|Any CPU
		{38CD1595-60A1-4530-B3E6-53F3203D99A2}.Debug_Linux|Any CPU.Build.0 = Debug|Any CPU
		{38CD1595-60A1-4530-B3E6-53F3203D99A2}.Debug_Linux|Mixed Platforms.ActiveCfg = Debug|Any CPU
		{38CD1595-60A1-4530-B3E6-53F3203D99A2}.Debug_Linux|Mixed Platforms.Build.0 = Debug|Any CPU
		{38CD1595-60A1-4530-B3E6-53F3203D99A2}.Debug_Linux|x64.ActiveCfg = Debug|Any CPU
		{38CD1595-60A1-4530-B3E6-53F3203D99A2}.Debug_Linux|x86.ActiveCfg = Debug|Any CPU
		{38CD1595-60A1-4530-B3E6-53F3203D99A2}.Debug|Any CPU.ActiveCfg = Debug|Any CPU
		{38CD1595-60A1-4530-B3E6-53F3203D99A2}.Debug|Any CPU.Build.0 = Debug|Any CPU
		{38CD1595-60A1-4530-B3E6-53F3203D99A2}.Debug|Mixed Platforms.ActiveCfg = Debug|Any CPU
		{38CD1595-60A1-4530-B3E6-53F3203D99A2}.Debug|Mixed Platforms.Build.0 = Debug|Any CPU
		{38CD1595-60A1-4530-B3E6-53F3203D99A2}.Debug|x64.ActiveCfg = Debug|Any CPU
		{38CD1595-60A1-4530-B3E6-53F3203D99A2}.Debug|x86.ActiveCfg = Debug|Any CPU
		{38CD1595-60A1-4530-B3E6-53F3203D99A2}.Release_All|Any CPU.ActiveCfg = Release|Any CPU
		{38CD1595-60A1-4530-B3E6-53F3203D99A2}.Release_All|Any CPU.Build.0 = Release|Any CPU
		{38CD1595-60A1-4530-B3E6-53F3203D99A2}.Release_All|Mixed Platforms.ActiveCfg = Release|Any CPU
		{38CD1595-60A1-4530-B3E6-53F3203D99A2}.Release_All|Mixed Platforms.Build.0 = Release|Any CPU
		{38CD1595-60A1-4530-B3E6-53F3203D99A2}.Release_All|x64.ActiveCfg = Release|Any CPU
		{38CD1595-60A1-4530-B3E6-53F3203D99A2}.Release_All|x86.ActiveCfg = Release|Any CPU
		{38CD1595-60A1-4530-B3E6-53F3203D99A2}.Release|Any CPU.ActiveCfg = Release|Any CPU
		{38CD1595-60A1-4530-B3E6-53F3203D99A2}.Release|Any CPU.Build.0 = Release|Any CPU
		{38CD1595-60A1-4530-B3E6-53F3203D99A2}.Release|Mixed Platforms.ActiveCfg = Release|Any CPU
		{38CD1595-60A1-4530-B3E6-53F3203D99A2}.Release|Mixed Platforms.Build.0 = Release|Any CPU
		{38CD1595-60A1-4530-B3E6-53F3203D99A2}.Release|x64.ActiveCfg = Release|Any CPU
		{38CD1595-60A1-4530-B3E6-53F3203D99A2}.Release|x86.ActiveCfg = Release|Any CPU
		{2790C9C9-214C-437D-9C6A-7F1F7E5C0529}.Debug_All|Any CPU.ActiveCfg = Debug|Any CPU
		{2790C9C9-214C-437D-9C6A-7F1F7E5C0529}.Debug_All|Any CPU.Build.0 = Debug|Any CPU
		{2790C9C9-214C-437D-9C6A-7F1F7E5C0529}.Debug_All|Mixed Platforms.ActiveCfg = Debug|Any CPU
		{2790C9C9-214C-437D-9C6A-7F1F7E5C0529}.Debug_All|Mixed Platforms.Build.0 = Debug|Any CPU
		{2790C9C9-214C-437D-9C6A-7F1F7E5C0529}.Debug_All|x64.ActiveCfg = Debug|Any CPU
		{2790C9C9-214C-437D-9C6A-7F1F7E5C0529}.Debug_All|x86.ActiveCfg = Debug|Any CPU
		{2790C9C9-214C-437D-9C6A-7F1F7E5C0529}.Debug_Linux|Any CPU.ActiveCfg = Debug|Any CPU
		{2790C9C9-214C-437D-9C6A-7F1F7E5C0529}.Debug_Linux|Any CPU.Build.0 = Debug|Any CPU
		{2790C9C9-214C-437D-9C6A-7F1F7E5C0529}.Debug_Linux|Mixed Platforms.ActiveCfg = Debug|Any CPU
		{2790C9C9-214C-437D-9C6A-7F1F7E5C0529}.Debug_Linux|Mixed Platforms.Build.0 = Debug|Any CPU
		{2790C9C9-214C-437D-9C6A-7F1F7E5C0529}.Debug_Linux|x64.ActiveCfg = Debug|Any CPU
		{2790C9C9-214C-437D-9C6A-7F1F7E5C0529}.Debug_Linux|x86.ActiveCfg = Debug|Any CPU
		{2790C9C9-214C-437D-9C6A-7F1F7E5C0529}.Debug|Any CPU.ActiveCfg = Debug|Any CPU
		{2790C9C9-214C-437D-9C6A-7F1F7E5C0529}.Debug|Any CPU.Build.0 = Debug|Any CPU
		{2790C9C9-214C-437D-9C6A-7F1F7E5C0529}.Debug|Mixed Platforms.ActiveCfg = Debug|Any CPU
		{2790C9C9-214C-437D-9C6A-7F1F7E5C0529}.Debug|Mixed Platforms.Build.0 = Debug|Any CPU
		{2790C9C9-214C-437D-9C6A-7F1F7E5C0529}.Debug|x64.ActiveCfg = Debug|Any CPU
		{2790C9C9-214C-437D-9C6A-7F1F7E5C0529}.Debug|x86.ActiveCfg = Debug|Any CPU
		{2790C9C9-214C-437D-9C6A-7F1F7E5C0529}.Release_All|Any CPU.ActiveCfg = Release|Any CPU
		{2790C9C9-214C-437D-9C6A-7F1F7E5C0529}.Release_All|Any CPU.Build.0 = Release|Any CPU
		{2790C9C9-214C-437D-9C6A-7F1F7E5C0529}.Release_All|Mixed Platforms.ActiveCfg = Release|Any CPU
		{2790C9C9-214C-437D-9C6A-7F1F7E5C0529}.Release_All|Mixed Platforms.Build.0 = Release|Any CPU
		{2790C9C9-214C-437D-9C6A-7F1F7E5C0529}.Release_All|x64.ActiveCfg = Release|Any CPU
		{2790C9C9-214C-437D-9C6A-7F1F7E5C0529}.Release_All|x86.ActiveCfg = Release|Any CPU
		{2790C9C9-214C-437D-9C6A-7F1F7E5C0529}.Release|Any CPU.ActiveCfg = Release|Any CPU
		{2790C9C9-214C-437D-9C6A-7F1F7E5C0529}.Release|Any CPU.Build.0 = Release|Any CPU
		{2790C9C9-214C-437D-9C6A-7F1F7E5C0529}.Release|Mixed Platforms.ActiveCfg = Release|Any CPU
		{2790C9C9-214C-437D-9C6A-7F1F7E5C0529}.Release|Mixed Platforms.Build.0 = Release|Any CPU
		{2790C9C9-214C-437D-9C6A-7F1F7E5C0529}.Release|x64.ActiveCfg = Release|Any CPU
		{2790C9C9-214C-437D-9C6A-7F1F7E5C0529}.Release|x86.ActiveCfg = Release|Any CPU
		{AA76186E-00FD-413A-82C6-005F5545F8B4}.Debug_All|Any CPU.ActiveCfg = Debug|Any CPU
		{AA76186E-00FD-413A-82C6-005F5545F8B4}.Debug_All|Any CPU.Build.0 = Debug|Any CPU
		{AA76186E-00FD-413A-82C6-005F5545F8B4}.Debug_All|Mixed Platforms.ActiveCfg = Debug|Any CPU
		{AA76186E-00FD-413A-82C6-005F5545F8B4}.Debug_All|Mixed Platforms.Build.0 = Debug|Any CPU
		{AA76186E-00FD-413A-82C6-005F5545F8B4}.Debug_All|x64.ActiveCfg = Debug|Any CPU
		{AA76186E-00FD-413A-82C6-005F5545F8B4}.Debug_All|x86.ActiveCfg = Debug|Any CPU
		{AA76186E-00FD-413A-82C6-005F5545F8B4}.Debug_Linux|Any CPU.ActiveCfg = Debug|Any CPU
		{AA76186E-00FD-413A-82C6-005F5545F8B4}.Debug_Linux|Any CPU.Build.0 = Debug|Any CPU
		{AA76186E-00FD-413A-82C6-005F5545F8B4}.Debug_Linux|Mixed Platforms.ActiveCfg = Debug|Any CPU
		{AA76186E-00FD-413A-82C6-005F5545F8B4}.Debug_Linux|Mixed Platforms.Build.0 = Debug|Any CPU
		{AA76186E-00FD-413A-82C6-005F5545F8B4}.Debug_Linux|x64.ActiveCfg = Debug|Any CPU
		{AA76186E-00FD-413A-82C6-005F5545F8B4}.Debug_Linux|x86.ActiveCfg = Debug|Any CPU
		{AA76186E-00FD-413A-82C6-005F5545F8B4}.Debug|Any CPU.ActiveCfg = Debug|Any CPU
		{AA76186E-00FD-413A-82C6-005F5545F8B4}.Debug|Any CPU.Build.0 = Debug|Any CPU
		{AA76186E-00FD-413A-82C6-005F5545F8B4}.Debug|Mixed Platforms.ActiveCfg = Debug|Any CPU
		{AA76186E-00FD-413A-82C6-005F5545F8B4}.Debug|Mixed Platforms.Build.0 = Debug|Any CPU
		{AA76186E-00FD-413A-82C6-005F5545F8B4}.Debug|x64.ActiveCfg = Debug|Any CPU
		{AA76186E-00FD-413A-82C6-005F5545F8B4}.Debug|x86.ActiveCfg = Debug|Any CPU
		{AA76186E-00FD-413A-82C6-005F5545F8B4}.Release_All|Any CPU.ActiveCfg = Release|Any CPU
		{AA76186E-00FD-413A-82C6-005F5545F8B4}.Release_All|Any CPU.Build.0 = Release|Any CPU
		{AA76186E-00FD-413A-82C6-005F5545F8B4}.Release_All|Mixed Platforms.ActiveCfg = Release|Any CPU
		{AA76186E-00FD-413A-82C6-005F5545F8B4}.Release_All|Mixed Platforms.Build.0 = Release|Any CPU
		{AA76186E-00FD-413A-82C6-005F5545F8B4}.Release_All|x64.ActiveCfg = Release|Any CPU
		{AA76186E-00FD-413A-82C6-005F5545F8B4}.Release_All|x86.ActiveCfg = Release|Any CPU
		{AA76186E-00FD-413A-82C6-005F5545F8B4}.Release|Any CPU.ActiveCfg = Release|Any CPU
		{AA76186E-00FD-413A-82C6-005F5545F8B4}.Release|Any CPU.Build.0 = Release|Any CPU
		{AA76186E-00FD-413A-82C6-005F5545F8B4}.Release|Mixed Platforms.ActiveCfg = Release|Any CPU
		{AA76186E-00FD-413A-82C6-005F5545F8B4}.Release|Mixed Platforms.Build.0 = Release|Any CPU
		{AA76186E-00FD-413A-82C6-005F5545F8B4}.Release|x64.ActiveCfg = Release|Any CPU
		{AA76186E-00FD-413A-82C6-005F5545F8B4}.Release|x86.ActiveCfg = Release|Any CPU
		{10196C29-AE6D-446B-B1D2-68D49A43FDA2}.Debug_All|Any CPU.ActiveCfg = Debug|x86
		{10196C29-AE6D-446B-B1D2-68D49A43FDA2}.Debug_All|Mixed Platforms.ActiveCfg = Debug|Any CPU
		{10196C29-AE6D-446B-B1D2-68D49A43FDA2}.Debug_All|Mixed Platforms.Build.0 = Debug|Any CPU
		{10196C29-AE6D-446B-B1D2-68D49A43FDA2}.Debug_All|x64.ActiveCfg = Debug|x86
		{10196C29-AE6D-446B-B1D2-68D49A43FDA2}.Debug_All|x86.ActiveCfg = Debug|x86
		{10196C29-AE6D-446B-B1D2-68D49A43FDA2}.Debug_All|x86.Build.0 = Debug|x86
		{10196C29-AE6D-446B-B1D2-68D49A43FDA2}.Debug_Linux|Any CPU.ActiveCfg = Debug|x86
		{10196C29-AE6D-446B-B1D2-68D49A43FDA2}.Debug_Linux|Mixed Platforms.ActiveCfg = Debug|x86
		{10196C29-AE6D-446B-B1D2-68D49A43FDA2}.Debug_Linux|Mixed Platforms.Build.0 = Debug|x86
		{10196C29-AE6D-446B-B1D2-68D49A43FDA2}.Debug_Linux|x64.ActiveCfg = Debug|x86
		{10196C29-AE6D-446B-B1D2-68D49A43FDA2}.Debug_Linux|x86.ActiveCfg = Debug|x86
		{10196C29-AE6D-446B-B1D2-68D49A43FDA2}.Debug_Linux|x86.Build.0 = Debug|x86
		{10196C29-AE6D-446B-B1D2-68D49A43FDA2}.Debug|Any CPU.ActiveCfg = Debug|x86
		{10196C29-AE6D-446B-B1D2-68D49A43FDA2}.Debug|Mixed Platforms.ActiveCfg = Debug|x86
		{10196C29-AE6D-446B-B1D2-68D49A43FDA2}.Debug|Mixed Platforms.Build.0 = Debug|x86
		{10196C29-AE6D-446B-B1D2-68D49A43FDA2}.Debug|x64.ActiveCfg = Debug|x86
		{10196C29-AE6D-446B-B1D2-68D49A43FDA2}.Debug|x86.ActiveCfg = Debug|x86
		{10196C29-AE6D-446B-B1D2-68D49A43FDA2}.Debug|x86.Build.0 = Debug|x86
		{10196C29-AE6D-446B-B1D2-68D49A43FDA2}.Release_All|Any CPU.ActiveCfg = Release|x86
		{10196C29-AE6D-446B-B1D2-68D49A43FDA2}.Release_All|Mixed Platforms.ActiveCfg = Release|x86
		{10196C29-AE6D-446B-B1D2-68D49A43FDA2}.Release_All|Mixed Platforms.Build.0 = Release|x86
		{10196C29-AE6D-446B-B1D2-68D49A43FDA2}.Release_All|x64.ActiveCfg = Release|x86
		{10196C29-AE6D-446B-B1D2-68D49A43FDA2}.Release_All|x86.ActiveCfg = Release|x86
		{10196C29-AE6D-446B-B1D2-68D49A43FDA2}.Release_All|x86.Build.0 = Release|x86
		{10196C29-AE6D-446B-B1D2-68D49A43FDA2}.Release|Any CPU.ActiveCfg = Release|x86
		{10196C29-AE6D-446B-B1D2-68D49A43FDA2}.Release|Mixed Platforms.ActiveCfg = Release|x86
		{10196C29-AE6D-446B-B1D2-68D49A43FDA2}.Release|Mixed Platforms.Build.0 = Release|x86
		{10196C29-AE6D-446B-B1D2-68D49A43FDA2}.Release|x64.ActiveCfg = Release|x86
		{10196C29-AE6D-446B-B1D2-68D49A43FDA2}.Release|x86.ActiveCfg = Release|x86
		{10196C29-AE6D-446B-B1D2-68D49A43FDA2}.Release|x86.Build.0 = Release|x86
	EndGlobalSection
	GlobalSection(SolutionProperties) = preSolution
		HideSolutionNode = FALSE
	EndGlobalSection
	GlobalSection(NestedProjects) = preSolution
		{21FD2661-DDF3-45B7-9240-13EA4BF9EFAB} = {FC5AB692-CEB5-41E9-B417-29A6EA9E0A63}
		{7123A497-FB6E-4DB5-87DD-3979D59CBDEE} = {FC5AB692-CEB5-41E9-B417-29A6EA9E0A63}
		{24C400A0-4D15-4E3B-B958-522142F78839} = {FC5AB692-CEB5-41E9-B417-29A6EA9E0A63}
		{BF39BF67-0015-43B4-B7C5-07A3D9B38BF5} = {FC5AB692-CEB5-41E9-B417-29A6EA9E0A63}
		{2D9C4FA8-08F6-4415-A051-105EB7C6BE55} = {FC5AB692-CEB5-41E9-B417-29A6EA9E0A63}
		{0A58B331-FEBF-486A-8284-367B8DCD3D92} = {FC5AB692-CEB5-41E9-B417-29A6EA9E0A63}
		{10196C29-AE6D-446B-B1D2-68D49A43FDA2} = {FC5AB692-CEB5-41E9-B417-29A6EA9E0A63}
		{4C839218-E1A3-4757-82FB-DD172DEC3636} = {592446A2-CE7C-42BD-BA9C-A834A9F16FEF}
		{477FC303-4CDE-403A-9D9B-A62935DAED98} = {592446A2-CE7C-42BD-BA9C-A834A9F16FEF}
		{C95F4359-1342-470D-9C4E-7257957B3DEA} = {592446A2-CE7C-42BD-BA9C-A834A9F16FEF}
		{F24BB133-2B18-406C-B535-56869E46A5A9} = {592446A2-CE7C-42BD-BA9C-A834A9F16FEF}
		{8E6DA788-5EE6-4140-A1AF-F794051E54C0} = {592446A2-CE7C-42BD-BA9C-A834A9F16FEF}
		{2D73DEE7-5BAD-4CA9-9CCA-639CBF0B84C7} = {0BE2B684-08B2-432F-9CDA-58CE0E37B557}
		{E8D20399-5A2C-45AC-AD29-69425D9E3507} = {6E8E587F-C225-4EEB-85EF-A9CC85BF3913}
		{062B8A18-91A0-458E-9BF3-31B0A0AD4148} = {6E8E587F-C225-4EEB-85EF-A9CC85BF3913}
		{65E668FE-B2D3-4A78-B8CA-187279F46365} = {6E8E587F-C225-4EEB-85EF-A9CC85BF3913}
		{5E861BB1-B852-48AD-A4FC-13E6CA4CA1D3} = {4C839218-E1A3-4757-82FB-DD172DEC3636}
		{A8C80252-70EA-4452-B49A-6ACC5357EE10} = {C95F4359-1342-470D-9C4E-7257957B3DEA}
		{1F6516A8-8275-497C-AF08-910CFBC90194} = {F24BB133-2B18-406C-B535-56869E46A5A9}
		{BF64100F-2BDA-4E53-9096-ECB8225099FE} = {C1A77409-B628-41F5-B51C-B2EB3A1AF38F}
		{5BC6ED95-0162-45A0-A8E2-F683F3D88F0E} = {C1A77409-B628-41F5-B51C-B2EB3A1AF38F}
		{30845B5A-6050-4952-A524-7B913C2C0AEE} = {C1A77409-B628-41F5-B51C-B2EB3A1AF38F}
		{1DB5C402-31DF-4AB3-95AA-6565C63A018E} = {C1A77409-B628-41F5-B51C-B2EB3A1AF38F}
		{0A9E416B-B6DF-4CEE-992F-B46CC506D604} = {5BC6ED95-0162-45A0-A8E2-F683F3D88F0E}
		{68AC8E60-B053-4548-8986-A5AF857BCD20} = {5BC6ED95-0162-45A0-A8E2-F683F3D88F0E}
		{2D820398-658F-4FAB-835A-24A45F2A66F6} = {5BC6ED95-0162-45A0-A8E2-F683F3D88F0E}
		{9E162029-5DC3-4E8D-9B1C-9266561FD16A} = {0A9E416B-B6DF-4CEE-992F-B46CC506D604}
		{E436CC1F-AF7A-4A76-B7CD-1ADFD490C5BF} = {0A9E416B-B6DF-4CEE-992F-B46CC506D604}
		{D53D30DD-89F0-475B-9382-C45DB4202A1E} = {0A9E416B-B6DF-4CEE-992F-B46CC506D604}
		{CF74F8AC-0E87-44CF-9181-F402854DF389} = {68AC8E60-B053-4548-8986-A5AF857BCD20}
		{38CD1595-60A1-4530-B3E6-53F3203D99A2} = {68AC8E60-B053-4548-8986-A5AF857BCD20}
		{2790C9C9-214C-437D-9C6A-7F1F7E5C0529} = {2D820398-658F-4FAB-835A-24A45F2A66F6}
		{AA76186E-00FD-413A-82C6-005F5545F8B4} = {2D820398-658F-4FAB-835A-24A45F2A66F6}
	EndGlobalSection
EndGlobal
