
Microsoft Visual Studio Solution File, Format Version 12.00
# Visual Studio 11
Project("{2150E333-8FDC-42A3-9474-1A3956D46DE8}") = "Server", "Server", "{FC5AB692-CEB5-41E9-B417-29A6EA9E0A63}"
EndProject
Project("{2150E333-8FDC-42A3-9474-1A3956D46DE8}") = "Trigger", "Trigger", "{0B7EAAEE-DBFD-4992-B8C0-6BBA4CFBD63F}"
EndProject
Project("{2150E333-8FDC-42A3-9474-1A3956D46DE8}") = "Client", "Client", "{592446A2-CE7C-42BD-BA9C-A834A9F16FEF}"
EndProject
Project("{FAE04EC0-301F-11D3-BF4B-00C04F79EFBC}") = "entities", "Server\entities\entities.csproj", "{21FD2661-DDF3-45B7-9240-13EA4BF9EFAB}"
EndProject
Project("{2150E333-8FDC-42A3-9474-1A3956D46DE8}") = "Solution Items", "Solution Items", "{9E570699-D7F0-4B46-97A6-F3ACA64167DE}"
	ProjectSection(SolutionItems) = preProject
		..\README = ..\README
		SharedAssemblyInfo.cs = SharedAssemblyInfo.cs
		agpl-3.0.txt = agpl-3.0.txt
	EndProjectSection
EndProject
Project("{FAE04EC0-301F-11D3-BF4B-00C04F79EFBC}") = "repositories", "Server\repositories\repositories.csproj", "{7123A497-FB6E-4DB5-87DD-3979D59CBDEE}"
EndProject
Project("{FAE04EC0-301F-11D3-BF4B-00C04F79EFBC}") = "model", "Server\model\model.csproj", "{24C400A0-4D15-4E3B-B958-522142F78839}"
EndProject
Project("{FAE04EC0-301F-11D3-BF4B-00C04F79EFBC}") = "InitDatabase", "Tools\InitDatabase\InitDatabase.csproj", "{2D73DEE7-5BAD-4CA9-9CCA-639CBF0B84C7}"
EndProject
Project("{2150E333-8FDC-42A3-9474-1A3956D46DE8}") = "Tools", "Tools", "{0BE2B684-08B2-432F-9CDA-58CE0E37B557}"
EndProject
Project("{FAE04EC0-301F-11D3-BF4B-00C04F79EFBC}") = "configuration", "Server\configuration\configuration.csproj", "{BF39BF67-0015-43B4-B7C5-07A3D9B38BF5}"
EndProject
Project("{2150E333-8FDC-42A3-9474-1A3956D46DE8}") = "Common", "Common", "{6E8E587F-C225-4EEB-85EF-A9CC85BF3913}"
EndProject
Project("{FAE04EC0-301F-11D3-BF4B-00C04F79EFBC}") = "domain", "Common\domain\domain.csproj", "{E8D20399-5A2C-45AC-AD29-69425D9E3507}"
EndProject
Project("{FAE04EC0-301F-11D3-BF4B-00C04F79EFBC}") = "dtos", "Common\dtos\dtos.csproj", "{062B8A18-91A0-458E-9BF3-31B0A0AD4148}"
EndProject
Project("{FAE04EC0-301F-11D3-BF4B-00C04F79EFBC}") = "common", "Client\Trigger\common\common.csproj", "{EF6C080D-1339-400A-B535-81E0F42A21BC}"
EndProject
Project("{FAE04EC0-301F-11D3-BF4B-00C04F79EFBC}") = "windows", "Client\Trigger\windows\windows.csproj", "{2DB91F89-DB1A-4AE8-87BE-3FCCA8BD39DA}"
EndProject
Project("{FAE04EC0-301F-11D3-BF4B-00C04F79EFBC}") = "web", "Server\web\web.csproj", "{2D9C4FA8-08F6-4415-A051-105EB7C6BE55}"
EndProject
Project("{FAE04EC0-301F-11D3-BF4B-00C04F79EFBC}") = "common", "Server\common\common.csproj", "{0A58B331-FEBF-486A-8284-367B8DCD3D92}"
EndProject
Project("{2150E333-8FDC-42A3-9474-1A3956D46DE8}") = "EventHandler", "EventHandler", "{4C839218-E1A3-4757-82FB-DD172DEC3636}"
EndProject
Project("{FAE04EC0-301F-11D3-BF4B-00C04F79EFBC}") = "EventHandler", "Client\EventHandler\EventHandler\EventHandler.csproj", "{5E861BB1-B852-48AD-A4FC-13E6CA4CA1D3}"
EndProject
Project("{FAE04EC0-301F-11D3-BF4B-00C04F79EFBC}") = "common", "Client\Common\common.csproj", "{477FC303-4CDE-403A-9D9B-A62935DAED98}"
EndProject
Project("{2150E333-8FDC-42A3-9474-1A3956D46DE8}") = "Worker", "Worker", "{C95F4359-1342-470D-9C4E-7257957B3DEA}"
EndProject
Project("{FAE04EC0-301F-11D3-BF4B-00C04F79EFBC}") = "worker", "Client\Worker\worker\worker.csproj", "{A8C80252-70EA-4452-B49A-6ACC5357EE10}"
EndProject
Project("{2150E333-8FDC-42A3-9474-1A3956D46DE8}") = "Windows", "Windows", "{F24BB133-2B18-406C-B535-56869E46A5A9}"
EndProject
Project("{FAE04EC0-301F-11D3-BF4B-00C04F79EFBC}") = "windows", "Client\Windows\windows\windows.csproj", "{1F6516A8-8275-497C-AF08-910CFBC90194}"
EndProject
Global
	GlobalSection(SolutionConfigurationPlatforms) = preSolution
		Debug|Any CPU = Debug|Any CPU
		Release|Any CPU = Release|Any CPU
	EndGlobalSection
	GlobalSection(ProjectConfigurationPlatforms) = postSolution
		{062B8A18-91A0-458E-9BF3-31B0A0AD4148}.Debug|Any CPU.ActiveCfg = Debug|Any CPU
		{062B8A18-91A0-458E-9BF3-31B0A0AD4148}.Debug|Any CPU.Build.0 = Debug|Any CPU
		{062B8A18-91A0-458E-9BF3-31B0A0AD4148}.Release|Any CPU.ActiveCfg = Release|Any CPU
		{062B8A18-91A0-458E-9BF3-31B0A0AD4148}.Release|Any CPU.Build.0 = Release|Any CPU
		{0A58B331-FEBF-486A-8284-367B8DCD3D92}.Debug|Any CPU.ActiveCfg = Debug|Any CPU
		{0A58B331-FEBF-486A-8284-367B8DCD3D92}.Debug|Any CPU.Build.0 = Debug|Any CPU
		{0A58B331-FEBF-486A-8284-367B8DCD3D92}.Release|Any CPU.ActiveCfg = Release|Any CPU
		{0A58B331-FEBF-486A-8284-367B8DCD3D92}.Release|Any CPU.Build.0 = Release|Any CPU
		{1F6516A8-8275-497C-AF08-910CFBC90194}.Debug|Any CPU.ActiveCfg = Debug|Any CPU
		{1F6516A8-8275-497C-AF08-910CFBC90194}.Debug|Any CPU.Build.0 = Debug|Any CPU
		{1F6516A8-8275-497C-AF08-910CFBC90194}.Release|Any CPU.ActiveCfg = Release|Any CPU
		{1F6516A8-8275-497C-AF08-910CFBC90194}.Release|Any CPU.Build.0 = Release|Any CPU
		{21FD2661-DDF3-45B7-9240-13EA4BF9EFAB}.Debug|Any CPU.ActiveCfg = Debug|Any CPU
		{21FD2661-DDF3-45B7-9240-13EA4BF9EFAB}.Debug|Any CPU.Build.0 = Debug|Any CPU
		{21FD2661-DDF3-45B7-9240-13EA4BF9EFAB}.Release|Any CPU.ActiveCfg = Release|Any CPU
		{21FD2661-DDF3-45B7-9240-13EA4BF9EFAB}.Release|Any CPU.Build.0 = Release|Any CPU
		{24C400A0-4D15-4E3B-B958-522142F78839}.Debug|Any CPU.ActiveCfg = Debug|Any CPU
		{24C400A0-4D15-4E3B-B958-522142F78839}.Debug|Any CPU.Build.0 = Debug|Any CPU
		{24C400A0-4D15-4E3B-B958-522142F78839}.Release|Any CPU.ActiveCfg = Release|Any CPU
		{24C400A0-4D15-4E3B-B958-522142F78839}.Release|Any CPU.Build.0 = Release|Any CPU
		{2D73DEE7-5BAD-4CA9-9CCA-639CBF0B84C7}.Debug|Any CPU.ActiveCfg = Debug|Any CPU
		{2D73DEE7-5BAD-4CA9-9CCA-639CBF0B84C7}.Debug|Any CPU.Build.0 = Debug|Any CPU
		{2D73DEE7-5BAD-4CA9-9CCA-639CBF0B84C7}.Release|Any CPU.ActiveCfg = Release|Any CPU
		{2D73DEE7-5BAD-4CA9-9CCA-639CBF0B84C7}.Release|Any CPU.Build.0 = Release|Any CPU
		{2D9C4FA8-08F6-4415-A051-105EB7C6BE55}.Debug|Any CPU.ActiveCfg = Debug|Any CPU
		{2D9C4FA8-08F6-4415-A051-105EB7C6BE55}.Debug|Any CPU.Build.0 = Debug|Any CPU
		{2D9C4FA8-08F6-4415-A051-105EB7C6BE55}.Release|Any CPU.ActiveCfg = Release|Any CPU
		{2D9C4FA8-08F6-4415-A051-105EB7C6BE55}.Release|Any CPU.Build.0 = Release|Any CPU
		{2DB91F89-DB1A-4AE8-87BE-3FCCA8BD39DA}.Debug|Any CPU.ActiveCfg = Debug|Any CPU
		{2DB91F89-DB1A-4AE8-87BE-3FCCA8BD39DA}.Debug|Any CPU.Build.0 = Debug|Any CPU
		{2DB91F89-DB1A-4AE8-87BE-3FCCA8BD39DA}.Release|Any CPU.ActiveCfg = Release|Any CPU
		{2DB91F89-DB1A-4AE8-87BE-3FCCA8BD39DA}.Release|Any CPU.Build.0 = Release|Any CPU
		{477FC303-4CDE-403A-9D9B-A62935DAED98}.Debug|Any CPU.ActiveCfg = Debug|Any CPU
		{477FC303-4CDE-403A-9D9B-A62935DAED98}.Debug|Any CPU.Build.0 = Debug|Any CPU
		{477FC303-4CDE-403A-9D9B-A62935DAED98}.Release|Any CPU.ActiveCfg = Release|Any CPU
		{477FC303-4CDE-403A-9D9B-A62935DAED98}.Release|Any CPU.Build.0 = Release|Any CPU
		{5E861BB1-B852-48AD-A4FC-13E6CA4CA1D3}.Debug|Any CPU.ActiveCfg = Debug|Any CPU
		{5E861BB1-B852-48AD-A4FC-13E6CA4CA1D3}.Debug|Any CPU.Build.0 = Debug|Any CPU
		{5E861BB1-B852-48AD-A4FC-13E6CA4CA1D3}.Release|Any CPU.ActiveCfg = Release|Any CPU
		{5E861BB1-B852-48AD-A4FC-13E6CA4CA1D3}.Release|Any CPU.Build.0 = Release|Any CPU
		{7123A497-FB6E-4DB5-87DD-3979D59CBDEE}.Debug|Any CPU.ActiveCfg = Debug|Any CPU
		{7123A497-FB6E-4DB5-87DD-3979D59CBDEE}.Debug|Any CPU.Build.0 = Debug|Any CPU
		{7123A497-FB6E-4DB5-87DD-3979D59CBDEE}.Release|Any CPU.ActiveCfg = Release|Any CPU
		{7123A497-FB6E-4DB5-87DD-3979D59CBDEE}.Release|Any CPU.Build.0 = Release|Any CPU
		{A8C80252-70EA-4452-B49A-6ACC5357EE10}.Debug|Any CPU.ActiveCfg = Debug|Any CPU
		{A8C80252-70EA-4452-B49A-6ACC5357EE10}.Debug|Any CPU.Build.0 = Debug|Any CPU
		{A8C80252-70EA-4452-B49A-6ACC5357EE10}.Release|Any CPU.ActiveCfg = Release|Any CPU
		{A8C80252-70EA-4452-B49A-6ACC5357EE10}.Release|Any CPU.Build.0 = Release|Any CPU
		{BF39BF67-0015-43B4-B7C5-07A3D9B38BF5}.Debug|Any CPU.ActiveCfg = Debug|Any CPU
		{BF39BF67-0015-43B4-B7C5-07A3D9B38BF5}.Debug|Any CPU.Build.0 = Debug|Any CPU
		{BF39BF67-0015-43B4-B7C5-07A3D9B38BF5}.Release|Any CPU.ActiveCfg = Release|Any CPU
		{BF39BF67-0015-43B4-B7C5-07A3D9B38BF5}.Release|Any CPU.Build.0 = Release|Any CPU
		{E8D20399-5A2C-45AC-AD29-69425D9E3507}.Debug|Any CPU.ActiveCfg = Debug|Any CPU
		{E8D20399-5A2C-45AC-AD29-69425D9E3507}.Debug|Any CPU.Build.0 = Debug|Any CPU
		{E8D20399-5A2C-45AC-AD29-69425D9E3507}.Release|Any CPU.ActiveCfg = Release|Any CPU
		{E8D20399-5A2C-45AC-AD29-69425D9E3507}.Release|Any CPU.Build.0 = Release|Any CPU
		{EF6C080D-1339-400A-B535-81E0F42A21BC}.Debug|Any CPU.ActiveCfg = Debug|Any CPU
		{EF6C080D-1339-400A-B535-81E0F42A21BC}.Debug|Any CPU.Build.0 = Debug|Any CPU
		{EF6C080D-1339-400A-B535-81E0F42A21BC}.Release|Any CPU.ActiveCfg = Release|Any CPU
		{EF6C080D-1339-400A-B535-81E0F42A21BC}.Release|Any CPU.Build.0 = Release|Any CPU
	EndGlobalSection
	GlobalSection(SolutionProperties) = preSolution
		HideSolutionNode = FALSE
	EndGlobalSection
	GlobalSection(NestedProjects) = preSolution
		{062B8A18-91A0-458E-9BF3-31B0A0AD4148} = {6E8E587F-C225-4EEB-85EF-A9CC85BF3913}
		{0A58B331-FEBF-486A-8284-367B8DCD3D92} = {FC5AB692-CEB5-41E9-B417-29A6EA9E0A63}
		{0B7EAAEE-DBFD-4992-B8C0-6BBA4CFBD63F} = {592446A2-CE7C-42BD-BA9C-A834A9F16FEF}
		{1F6516A8-8275-497C-AF08-910CFBC90194} = {F24BB133-2B18-406C-B535-56869E46A5A9}
		{21FD2661-DDF3-45B7-9240-13EA4BF9EFAB} = {FC5AB692-CEB5-41E9-B417-29A6EA9E0A63}
		{24C400A0-4D15-4E3B-B958-522142F78839} = {FC5AB692-CEB5-41E9-B417-29A6EA9E0A63}
		{2D73DEE7-5BAD-4CA9-9CCA-639CBF0B84C7} = {0BE2B684-08B2-432F-9CDA-58CE0E37B557}
		{2D9C4FA8-08F6-4415-A051-105EB7C6BE55} = {FC5AB692-CEB5-41E9-B417-29A6EA9E0A63}
		{2DB91F89-DB1A-4AE8-87BE-3FCCA8BD39DA} = {0B7EAAEE-DBFD-4992-B8C0-6BBA4CFBD63F}
		{477FC303-4CDE-403A-9D9B-A62935DAED98} = {592446A2-CE7C-42BD-BA9C-A834A9F16FEF}
		{4C839218-E1A3-4757-82FB-DD172DEC3636} = {592446A2-CE7C-42BD-BA9C-A834A9F16FEF}
		{5E861BB1-B852-48AD-A4FC-13E6CA4CA1D3} = {4C839218-E1A3-4757-82FB-DD172DEC3636}
		{7123A497-FB6E-4DB5-87DD-3979D59CBDEE} = {FC5AB692-CEB5-41E9-B417-29A6EA9E0A63}
		{A8C80252-70EA-4452-B49A-6ACC5357EE10} = {C95F4359-1342-470D-9C4E-7257957B3DEA}
		{BF39BF67-0015-43B4-B7C5-07A3D9B38BF5} = {FC5AB692-CEB5-41E9-B417-29A6EA9E0A63}
		{C95F4359-1342-470D-9C4E-7257957B3DEA} = {592446A2-CE7C-42BD-BA9C-A834A9F16FEF}
		{E8D20399-5A2C-45AC-AD29-69425D9E3507} = {6E8E587F-C225-4EEB-85EF-A9CC85BF3913}
		{EF6C080D-1339-400A-B535-81E0F42A21BC} = {0B7EAAEE-DBFD-4992-B8C0-6BBA4CFBD63F}
		{F24BB133-2B18-406C-B535-56869E46A5A9} = {592446A2-CE7C-42BD-BA9C-A834A9F16FEF}
	EndGlobalSection
EndGlobal
